// !$*UTF8*$!
{
	archiveVersion = 1;
	classes = {
	};
	objectVersion = 50;
	objects = {

/* Begin PBXBuildFile section */
		861A15032575F97C00351416 /* WireframesApp.swift in Sources */ = {isa = PBXBuildFile; fileRef = 861A15022575F97C00351416 /* WireframesApp.swift */; };
		861A15052575F97C00351416 /* ContentView.swift in Sources */ = {isa = PBXBuildFile; fileRef = 861A15042575F97C00351416 /* ContentView.swift */; };
		861A150A2575F97E00351416 /* Preview Assets.xcassets in Resources */ = {isa = PBXBuildFile; fileRef = 861A15092575F97E00351416 /* Preview Assets.xcassets */; };
		861A151F2575FA7100351416 /* DottedSeperator.swift in Sources */ = {isa = PBXBuildFile; fileRef = 861A151E2575FA7100351416 /* DottedSeperator.swift */; };
		861A15242575FAB100351416 /* CleanerTile.swift in Sources */ = {isa = PBXBuildFile; fileRef = 861A15232575FAB100351416 /* CleanerTile.swift */; };
		861A15282575FAB800351416 /* CleanerTileButton.swift in Sources */ = {isa = PBXBuildFile; fileRef = 861A15272575FAB800351416 /* CleanerTileButton.swift */; };
		861A152B2575FAC500351416 /* CleanerTileText.swift in Sources */ = {isa = PBXBuildFile; fileRef = 861A152A2575FAC500351416 /* CleanerTileText.swift */; };
		86ABE75D2576E5B5008DE5BF /* Assets.xcassets in Resources */ = {isa = PBXBuildFile; fileRef = 86ABE75C2576E5B5008DE5BF /* Assets.xcassets */; };
/* End PBXBuildFile section */

/* Begin PBXFileReference section */
		861A14FF2575F97C00351416 /* Wireframes.app */ = {isa = PBXFileReference; explicitFileType = wrapper.application; includeInIndex = 0; path = Wireframes.app; sourceTree = BUILT_PRODUCTS_DIR; };
		861A15022575F97C00351416 /* WireframesApp.swift */ = {isa = PBXFileReference; lastKnownFileType = sourcecode.swift; path = WireframesApp.swift; sourceTree = "<group>"; };
		861A15042575F97C00351416 /* ContentView.swift */ = {isa = PBXFileReference; lastKnownFileType = sourcecode.swift; path = ContentView.swift; sourceTree = "<group>"; };
		861A15092575F97E00351416 /* Preview Assets.xcassets */ = {isa = PBXFileReference; lastKnownFileType = folder.assetcatalog; path = "Preview Assets.xcassets"; sourceTree = "<group>"; };
		861A150B2575F97E00351416 /* Info.plist */ = {isa = PBXFileReference; lastKnownFileType = text.plist.xml; path = Info.plist; sourceTree = "<group>"; };
		861A151E2575FA7100351416 /* DottedSeperator.swift */ = {isa = PBXFileReference; lastKnownFileType = sourcecode.swift; path = DottedSeperator.swift; sourceTree = "<group>"; };
		861A15232575FAB100351416 /* CleanerTile.swift */ = {isa = PBXFileReference; lastKnownFileType = sourcecode.swift; path = CleanerTile.swift; sourceTree = "<group>"; };
		861A15272575FAB800351416 /* CleanerTileButton.swift */ = {isa = PBXFileReference; lastKnownFileType = sourcecode.swift; path = CleanerTileButton.swift; sourceTree = "<group>"; };
		861A152A2575FAC500351416 /* CleanerTileText.swift */ = {isa = PBXFileReference; lastKnownFileType = sourcecode.swift; path = CleanerTileText.swift; sourceTree = "<group>"; };
		86ABE75C2576E5B5008DE5BF /* Assets.xcassets */ = {isa = PBXFileReference; lastKnownFileType = folder.assetcatalog; path = Assets.xcassets; sourceTree = "<group>"; };
/* End PBXFileReference section */

/* Begin PBXFrameworksBuildPhase section */
		861A14FC2575F97C00351416 /* Frameworks */ = {
			isa = PBXFrameworksBuildPhase;
			buildActionMask = 2147483647;
			files = (
			);
			runOnlyForDeploymentPostprocessing = 0;
		};
/* End PBXFrameworksBuildPhase section */

/* Begin PBXGroup section */
		861A14F62575F97C00351416 = {
			isa = PBXGroup;
			children = (
				861A15012575F97C00351416 /* Wireframes */,
				861A15002575F97C00351416 /* Products */,
			);
			sourceTree = "<group>";
		};
		861A15002575F97C00351416 /* Products */ = {
			isa = PBXGroup;
			children = (
				861A14FF2575F97C00351416 /* Wireframes.app */,
			);
			name = Products;
			sourceTree = "<group>";
		};
		861A15012575F97C00351416 /* Wireframes */ = {
			isa = PBXGroup;
			children = (
				861A15022575F97C00351416 /* WireframesApp.swift */,
				861A15042575F97C00351416 /* ContentView.swift */,
				86ABE75C2576E5B5008DE5BF /* Assets.xcassets */,
				861A15222575FA9E00351416 /* CleanerTiles */,
				861A151D2575FA4D00351416 /* DottedSeperator */,
				861A150B2575F97E00351416 /* Info.plist */,
				861A15082575F97E00351416 /* Preview Content */,
			);
			path = Wireframes;
			sourceTree = "<group>";
		};
		861A15082575F97E00351416 /* Preview Content */ = {
			isa = PBXGroup;
			children = (
				861A15092575F97E00351416 /* Preview Assets.xcassets */,
			);
			path = "Preview Content";
			sourceTree = "<group>";
		};
		861A151D2575FA4D00351416 /* DottedSeperator */ = {
			isa = PBXGroup;
			children = (
				861A151E2575FA7100351416 /* DottedSeperator.swift */,
			);
			path = DottedSeperator;
			sourceTree = "<group>";
		};
		861A15222575FA9E00351416 /* CleanerTiles */ = {
			isa = PBXGroup;
			children = (
				861A15232575FAB100351416 /* CleanerTile.swift */,
				861A152A2575FAC500351416 /* CleanerTileText.swift */,
				861A15272575FAB800351416 /* CleanerTileButton.swift */,
			);
			path = CleanerTiles;
			sourceTree = "<group>";
		};
/* End PBXGroup section */

/* Begin PBXNativeTarget section */
		861A14FE2575F97C00351416 /* Wireframes */ = {
			isa = PBXNativeTarget;
			buildConfigurationList = 861A150E2575F97E00351416 /* Build configuration list for PBXNativeTarget "Wireframes" */;
			buildPhases = (
				861A14FB2575F97C00351416 /* Sources */,
				861A14FC2575F97C00351416 /* Frameworks */,
				861A14FD2575F97C00351416 /* Resources */,
			);
			buildRules = (
			);
			dependencies = (
			);
			name = Wireframes;
			productName = Wireframes;
			productReference = 861A14FF2575F97C00351416 /* Wireframes.app */;
			productType = "com.apple.product-type.application";
		};
/* End PBXNativeTarget section */

/* Begin PBXProject section */
		861A14F72575F97C00351416 /* Project object */ = {
			isa = PBXProject;
			attributes = {
				LastSwiftUpdateCheck = 1220;
				LastUpgradeCheck = 1220;
				TargetAttributes = {
					861A14FE2575F97C00351416 = {
						CreatedOnToolsVersion = 12.2;
					};
				};
			};
			buildConfigurationList = 861A14FA2575F97C00351416 /* Build configuration list for PBXProject "Wireframes" */;
			compatibilityVersion = "Xcode 9.3";
			developmentRegion = en;
			hasScannedForEncodings = 0;
			knownRegions = (
				en,
				Base,
			);
			mainGroup = 861A14F62575F97C00351416;
			productRefGroup = 861A15002575F97C00351416 /* Products */;
			projectDirPath = "";
			projectRoot = "";
			targets = (
				861A14FE2575F97C00351416 /* Wireframes */,
			);
		};
/* End PBXProject section */

/* Begin PBXResourcesBuildPhase section */
		861A14FD2575F97C00351416 /* Resources */ = {
			isa = PBXResourcesBuildPhase;
			buildActionMask = 2147483647;
			files = (
				86ABE75D2576E5B5008DE5BF /* Assets.xcassets in Resources */,
				861A150A2575F97E00351416 /* Preview Assets.xcassets in Resources */,
			);
			runOnlyForDeploymentPostprocessing = 0;
		};
/* End PBXResourcesBuildPhase section */

/* Begin PBXSourcesBuildPhase section */
		861A14FB2575F97C00351416 /* Sources */ = {
			isa = PBXSourcesBuildPhase;
			buildActionMask = 2147483647;
			files = (
				861A15242575FAB100351416 /* CleanerTile.swift in Sources */,
				861A152B2575FAC500351416 /* CleanerTileText.swift in Sources */,
				861A15282575FAB800351416 /* CleanerTileButton.swift in Sources */,
				861A151F2575FA7100351416 /* DottedSeperator.swift in Sources */,
				861A15052575F97C00351416 /* ContentView.swift in Sources */,
				861A15032575F97C00351416 /* WireframesApp.swift in Sources */,
			);
			runOnlyForDeploymentPostprocessing = 0;
		};
/* End PBXSourcesBuildPhase section */

/* Begin XCBuildConfiguration section */
		861A150C2575F97E00351416 /* Debug */ = {
			isa = XCBuildConfiguration;
			buildSettings = {
				ALWAYS_SEARCH_USER_PATHS = NO;
				CLANG_ANALYZER_NONNULL = YES;
				CLANG_ANALYZER_NUMBER_OBJECT_CONVERSION = YES_AGGRESSIVE;
				CLANG_CXX_LANGUAGE_STANDARD = "gnu++14";
				CLANG_CXX_LIBRARY = "libc++";
				CLANG_ENABLE_MODULES = YES;
				CLANG_ENABLE_OBJC_ARC = YES;
				CLANG_ENABLE_OBJC_WEAK = YES;
				CLANG_WARN_BLOCK_CAPTURE_AUTORELEASING = YES;
				CLANG_WARN_BOOL_CONVERSION = YES;
				CLANG_WARN_COMMA = YES;
				CLANG_WARN_CONSTANT_CONVERSION = YES;
				CLANG_WARN_DEPRECATED_OBJC_IMPLEMENTATIONS = YES;
				CLANG_WARN_DIRECT_OBJC_ISA_USAGE = YES_ERROR;
				CLANG_WARN_DOCUMENTATION_COMMENTS = YES;
				CLANG_WARN_EMPTY_BODY = YES;
				CLANG_WARN_ENUM_CONVERSION = YES;
				CLANG_WARN_INFINITE_RECURSION = YES;
				CLANG_WARN_INT_CONVERSION = YES;
				CLANG_WARN_NON_LITERAL_NULL_CONVERSION = YES;
				CLANG_WARN_OBJC_IMPLICIT_RETAIN_SELF = YES;
				CLANG_WARN_OBJC_LITERAL_CONVERSION = YES;
				CLANG_WARN_OBJC_ROOT_CLASS = YES_ERROR;
				CLANG_WARN_QUOTED_INCLUDE_IN_FRAMEWORK_HEADER = YES;
				CLANG_WARN_RANGE_LOOP_ANALYSIS = YES;
				CLANG_WARN_STRICT_PROTOTYPES = YES;
				CLANG_WARN_SUSPICIOUS_MOVE = YES;
				CLANG_WARN_UNGUARDED_AVAILABILITY = YES_AGGRESSIVE;
				CLANG_WARN_UNREACHABLE_CODE = YES;
				CLANG_WARN__DUPLICATE_METHOD_MATCH = YES;
				COPY_PHASE_STRIP = NO;
				DEBUG_INFORMATION_FORMAT = dwarf;
				ENABLE_STRICT_OBJC_MSGSEND = YES;
				ENABLE_TESTABILITY = YES;
				GCC_C_LANGUAGE_STANDARD = gnu11;
				GCC_DYNAMIC_NO_PIC = NO;
				GCC_NO_COMMON_BLOCKS = YES;
				GCC_OPTIMIZATION_LEVEL = 0;
				GCC_PREPROCESSOR_DEFINITIONS = (
					"DEBUG=1",
					"$(inherited)",
				);
				GCC_WARN_64_TO_32_BIT_CONVERSION = YES;
				GCC_WARN_ABOUT_RETURN_TYPE = YES_ERROR;
				GCC_WARN_UNDECLARED_SELECTOR = YES;
				GCC_WARN_UNINITIALIZED_AUTOS = YES_AGGRESSIVE;
				GCC_WARN_UNUSED_FUNCTION = YES;
				GCC_WARN_UNUSED_VARIABLE = YES;
				IPHONEOS_DEPLOYMENT_TARGET = 14.2;
				MTL_ENABLE_DEBUG_INFO = INCLUDE_SOURCE;
				MTL_FAST_MATH = YES;
				ONLY_ACTIVE_ARCH = YES;
				SDKROOT = iphoneos;
				SWIFT_ACTIVE_COMPILATION_CONDITIONS = DEBUG;
				SWIFT_OPTIMIZATION_LEVEL = "-Onone";
			};
			name = Debug;
		};
		861A150D2575F97E00351416 /* Release */ = {
			isa = XCBuildConfiguration;
			buildSettings = {
				ALWAYS_SEARCH_USER_PATHS = NO;
				CLANG_ANALYZER_NONNULL = YES;
				CLANG_ANALYZER_NUMBER_OBJECT_CONVERSION = YES_AGGRESSIVE;
				CLANG_CXX_LANGUAGE_STANDARD = "gnu++14";
				CLANG_CXX_LIBRARY = "libc++";
				CLANG_ENABLE_MODULES = YES;
				CLANG_ENABLE_OBJC_ARC = YES;
				CLANG_ENABLE_OBJC_WEAK = YES;
				CLANG_WARN_BLOCK_CAPTURE_AUTORELEASING = YES;
				CLANG_WARN_BOOL_CONVERSION = YES;
				CLANG_WARN_COMMA = YES;
				CLANG_WARN_CONSTANT_CONVERSION = YES;
				CLANG_WARN_DEPRECATED_OBJC_IMPLEMENTATIONS = YES;
				CLANG_WARN_DIRECT_OBJC_ISA_USAGE = YES_ERROR;
				CLANG_WARN_DOCUMENTATION_COMMENTS = YES;
				CLANG_WARN_EMPTY_BODY = YES;
				CLANG_WARN_ENUM_CONVERSION = YES;
				CLANG_WARN_INFINITE_RECURSION = YES;
				CLANG_WARN_INT_CONVERSION = YES;
				CLANG_WARN_NON_LITERAL_NULL_CONVERSION = YES;
				CLANG_WARN_OBJC_IMPLICIT_RETAIN_SELF = YES;
				CLANG_WARN_OBJC_LITERAL_CONVERSION = YES;
				CLANG_WARN_OBJC_ROOT_CLASS = YES_ERROR;
				CLANG_WARN_QUOTED_INCLUDE_IN_FRAMEWORK_HEADER = YES;
				CLANG_WARN_RANGE_LOOP_ANALYSIS = YES;
				CLANG_WARN_STRICT_PROTOTYPES = YES;
				CLANG_WARN_SUSPICIOUS_MOVE = YES;
				CLANG_WARN_UNGUARDED_AVAILABILITY = YES_AGGRESSIVE;
				CLANG_WARN_UNREACHABLE_CODE = YES;
				CLANG_WARN__DUPLICATE_METHOD_MATCH = YES;
				COPY_PHASE_STRIP = NO;
				DEBUG_INFORMATION_FORMAT = "dwarf-with-dsym";
				ENABLE_NS_ASSERTIONS = NO;
				ENABLE_STRICT_OBJC_MSGSEND = YES;
				GCC_C_LANGUAGE_STANDARD = gnu11;
				GCC_NO_COMMON_BLOCKS = YES;
				GCC_WARN_64_TO_32_BIT_CONVERSION = YES;
				GCC_WARN_ABOUT_RETURN_TYPE = YES_ERROR;
				GCC_WARN_UNDECLARED_SELECTOR = YES;
				GCC_WARN_UNINITIALIZED_AUTOS = YES_AGGRESSIVE;
				GCC_WARN_UNUSED_FUNCTION = YES;
				GCC_WARN_UNUSED_VARIABLE = YES;
				IPHONEOS_DEPLOYMENT_TARGET = 14.2;
				MTL_ENABLE_DEBUG_INFO = NO;
				MTL_FAST_MATH = YES;
				SDKROOT = iphoneos;
				SWIFT_COMPILATION_MODE = wholemodule;
				SWIFT_OPTIMIZATION_LEVEL = "-O";
				VALIDATE_PRODUCT = YES;
			};
			name = Release;
		};
		861A150F2575F97E00351416 /* Debug */ = {
			isa = XCBuildConfiguration;
			buildSettings = {
				ASSETCATALOG_COMPILER_APPICON_NAME = AppIcon;
				ASSETCATALOG_COMPILER_GLOBAL_ACCENT_COLOR_NAME = AccentColor;
				CODE_SIGN_STYLE = Automatic;
				DEVELOPMENT_ASSET_PATHS = "\"Wireframes/Preview Content\"";
				ENABLE_PREVIEWS = YES;
				INFOPLIST_FILE = Wireframes/Info.plist;
				IPHONEOS_DEPLOYMENT_TARGET = 14.0;
				LD_RUNPATH_SEARCH_PATHS = (
					"$(inherited)",
					"@executable_path/Frameworks",
				);
				PRODUCT_BUNDLE_IDENTIFIER = com.gavinmccabe.Wireframes;
				PRODUCT_NAME = "$(TARGET_NAME)";
				SWIFT_VERSION = 5.0;
				TARGETED_DEVICE_FAMILY = "1,2";
			};
			name = Debug;
		};
		861A15102575F97E00351416 /* Release */ = {
			isa = XCBuildConfiguration;
			buildSettings = {
				ASSETCATALOG_COMPILER_APPICON_NAME = AppIcon;
				ASSETCATALOG_COMPILER_GLOBAL_ACCENT_COLOR_NAME = AccentColor;
				CODE_SIGN_STYLE = Automatic;
				DEVELOPMENT_ASSET_PATHS = "\"Wireframes/Preview Content\"";
				ENABLE_PREVIEWS = YES;
				INFOPLIST_FILE = Wireframes/Info.plist;
				IPHONEOS_DEPLOYMENT_TARGET = 14.0;
				LD_RUNPATH_SEARCH_PATHS = (
					"$(inherited)",
					"@executable_path/Frameworks",
				);
				PRODUCT_BUNDLE_IDENTIFIER = com.gavinmccabe.Wireframes;
				PRODUCT_NAME = "$(TARGET_NAME)";
				SWIFT_VERSION = 5.0;
				TARGETED_DEVICE_FAMILY = "1,2";
			};
			name = Release;
		};
/* End XCBuildConfiguration section */

/* Begin XCConfigurationList section */
		861A14FA2575F97C00351416 /* Build configuration list for PBXProject "Wireframes" */ = {
			isa = XCConfigurationList;
			buildConfigurations = (
				861A150C2575F97E00351416 /* Debug */,
				861A150D2575F97E00351416 /* Release */,
			);
			defaultConfigurationIsVisible = 0;
			defaultConfigurationName = Release;
		};
		861A150E2575F97E00351416 /* Build configuration list for PBXNativeTarget "Wireframes" */ = {
			isa = XCConfigurationList;
			buildConfigurations = (
				861A150F2575F97E00351416 /* Debug */,
				861A15102575F97E00351416 /* Release */,
			);
			defaultConfigurationIsVisible = 0;
			defaultConfigurationName = Release;
		};
/* End XCConfigurationList section */
	};
	rootObject = 861A14F72575F97C00351416 /* Project object */;
}
