// !$*UTF8*$!
{
	archiveVersion = 1;
	classes = {
	};
	objectVersion = 50;
	objects = {

/* Begin PBXBuildFile section */
		86FB48C725871B0B000E75E3 /* WireframesApp.swift in Sources */ = {isa = PBXBuildFile; fileRef = 86FB48C625871B0B000E75E3 /* WireframesApp.swift */; };
		86FB48CB25871B0D000E75E3 /* Assets.xcassets in Resources */ = {isa = PBXBuildFile; fileRef = 86FB48CA25871B0D000E75E3 /* Assets.xcassets */; };
		86FB48CE25871B0D000E75E3 /* Preview Assets.xcassets in Resources */ = {isa = PBXBuildFile; fileRef = 86FB48CD25871B0D000E75E3 /* Preview Assets.xcassets */; };
		86FB492425871BA8000E75E3 /* ButtonText.swift in Sources */ = {isa = PBXBuildFile; fileRef = 86FB48F425871BA7000E75E3 /* ButtonText.swift */; };
		86FB492525871BA8000E75E3 /* FullScreenButton.swift in Sources */ = {isa = PBXBuildFile; fileRef = 86FB48F525871BA7000E75E3 /* FullScreenButton.swift */; };
		86FB492625871BA8000E75E3 /* ContentView.swift in Sources */ = {isa = PBXBuildFile; fileRef = 86FB48F625871BA7000E75E3 /* ContentView.swift */; };
		86FB492825871BA8000E75E3 /* OrderTile.swift in Sources */ = {isa = PBXBuildFile; fileRef = 86FB48F925871BA7000E75E3 /* OrderTile.swift */; };
		86FB492925871BA8000E75E3 /* TextSpecification.swift in Sources */ = {isa = PBXBuildFile; fileRef = 86FB48FA25871BA7000E75E3 /* TextSpecification.swift */; };
		86FB492A25871BA8000E75E3 /* StatusTile2.swift in Sources */ = {isa = PBXBuildFile; fileRef = 86FB48FB25871BA7000E75E3 /* StatusTile2.swift */; };
		86FB492C25871BA8000E75E3 /* WalletButtonUntoggled.swift in Sources */ = {isa = PBXBuildFile; fileRef = 86FB490025871BA7000E75E3 /* WalletButtonUntoggled.swift */; };
		86FB492D25871BA8000E75E3 /* WalletButtonToggled.swift in Sources */ = {isa = PBXBuildFile; fileRef = 86FB490125871BA7000E75E3 /* WalletButtonToggled.swift */; };
		86FB492E25871BA8000E75E3 /* WalletButton.swift in Sources */ = {isa = PBXBuildFile; fileRef = 86FB490225871BA7000E75E3 /* WalletButton.swift */; };
		86FB492F25871BA8000E75E3 /* SettingsButtonUntoggled.swift in Sources */ = {isa = PBXBuildFile; fileRef = 86FB490425871BA7000E75E3 /* SettingsButtonUntoggled.swift */; };
		86FB493025871BA8000E75E3 /* SettingsButton.swift in Sources */ = {isa = PBXBuildFile; fileRef = 86FB490525871BA7000E75E3 /* SettingsButton.swift */; };
		86FB493125871BA8000E75E3 /* SettingsButtonToggled.swift in Sources */ = {isa = PBXBuildFile; fileRef = 86FB490625871BA7000E75E3 /* SettingsButtonToggled.swift */; };
		86FB493225871BA8000E75E3 /* PlusButton.swift in Sources */ = {isa = PBXBuildFile; fileRef = 86FB490725871BA7000E75E3 /* PlusButton.swift */; };
		86FB493325871BA8000E75E3 /* OrdersButtonToggled.swift in Sources */ = {isa = PBXBuildFile; fileRef = 86FB490925871BA7000E75E3 /* OrdersButtonToggled.swift */; };
		86FB493425871BA8000E75E3 /* OrdersButtonUntoggled.swift in Sources */ = {isa = PBXBuildFile; fileRef = 86FB490A25871BA7000E75E3 /* OrdersButtonUntoggled.swift */; };
		86FB493525871BA8000E75E3 /* OrderButton.swift in Sources */ = {isa = PBXBuildFile; fileRef = 86FB490B25871BA7000E75E3 /* OrderButton.swift */; };
		86FB493625871BA8000E75E3 /* HomeButtonToggled.swift in Sources */ = {isa = PBXBuildFile; fileRef = 86FB490D25871BA7000E75E3 /* HomeButtonToggled.swift */; };
		86FB493725871BA8000E75E3 /* HomeButton.swift in Sources */ = {isa = PBXBuildFile; fileRef = 86FB490E25871BA7000E75E3 /* HomeButton.swift */; };
		86FB493825871BA8000E75E3 /* HomeButtonUntoggled.swift in Sources */ = {isa = PBXBuildFile; fileRef = 86FB490F25871BA7000E75E3 /* HomeButtonUntoggled.swift */; };
		86FB493925871BA8000E75E3 /* NavBar.swift in Sources */ = {isa = PBXBuildFile; fileRef = 86FB491025871BA7000E75E3 /* NavBar.swift */; };
		86FB493A25871BA8000E75E3 /* PromotionBadge.swift in Sources */ = {isa = PBXBuildFile; fileRef = 86FB491225871BA7000E75E3 /* PromotionBadge.swift */; };
		86FB493B25871BA8000E75E3 /* PromotionCard.swift in Sources */ = {isa = PBXBuildFile; fileRef = 86FB491325871BA7000E75E3 /* PromotionCard.swift */; };
		86FB493C25871BA8000E75E3 /* StatusTile.swift in Sources */ = {isa = PBXBuildFile; fileRef = 86FB491525871BA8000E75E3 /* StatusTile.swift */; };
		86FB493D25871BA8000E75E3 /* RecentOrderTile.swift in Sources */ = {isa = PBXBuildFile; fileRef = 86FB491625871BA8000E75E3 /* RecentOrderTile.swift */; };
		86FB493E25871BA8000E75E3 /* DottedSeperator.swift in Sources */ = {isa = PBXBuildFile; fileRef = 86FB491825871BA8000E75E3 /* DottedSeperator.swift */; };
		86FB493F25871BA8000E75E3 /* Hanger_Selected.swift in Sources */ = {isa = PBXBuildFile; fileRef = 86FB491A25871BA8000E75E3 /* Hanger_Selected.swift */; };
		86FB494025871BA8000E75E3 /* Hanger_Deselected.swift in Sources */ = {isa = PBXBuildFile; fileRef = 86FB491B25871BA8000E75E3 /* Hanger_Deselected.swift */; };
		86FB494125871BA8000E75E3 /* HangerRating.swift in Sources */ = {isa = PBXBuildFile; fileRef = 86FB491C25871BA8000E75E3 /* HangerRating.swift */; };
		86FB494225871BA8000E75E3 /* PageSelectorDot.swift in Sources */ = {isa = PBXBuildFile; fileRef = 86FB491E25871BA8000E75E3 /* PageSelectorDot.swift */; };
		86FB494325871BA8000E75E3 /* PageSelector.swift in Sources */ = {isa = PBXBuildFile; fileRef = 86FB491F25871BA8000E75E3 /* PageSelector.swift */; };
		86FB494425871BA8000E75E3 /* PageSelectorDash.swift in Sources */ = {isa = PBXBuildFile; fileRef = 86FB492025871BA8000E75E3 /* PageSelectorDash.swift */; };
		86FB494525871BA8000E75E3 /* HomeScreenCategoryText.swift in Sources */ = {isa = PBXBuildFile; fileRef = 86FB492225871BA8000E75E3 /* HomeScreenCategoryText.swift */; };
		86FB494C25871BF3000E75E3 /* CleanerTile.swift in Sources */ = {isa = PBXBuildFile; fileRef = 86FB494925871BF3000E75E3 /* CleanerTile.swift */; };
		86FB494D25871BF3000E75E3 /* CleanerTileButton.swift in Sources */ = {isa = PBXBuildFile; fileRef = 86FB494A25871BF3000E75E3 /* CleanerTileButton.swift */; };
		86FB494E25871BF3000E75E3 /* CleanerTileText.swift in Sources */ = {isa = PBXBuildFile; fileRef = 86FB494B25871BF3000E75E3 /* CleanerTileText.swift */; };
/* End PBXBuildFile section */

/* Begin PBXFileReference section */
		86FB48C325871B0B000E75E3 /* Wireframes.app */ = {isa = PBXFileReference; explicitFileType = wrapper.application; includeInIndex = 0; path = Wireframes.app; sourceTree = BUILT_PRODUCTS_DIR; };
		86FB48C625871B0B000E75E3 /* WireframesApp.swift */ = {isa = PBXFileReference; lastKnownFileType = sourcecode.swift; path = WireframesApp.swift; sourceTree = "<group>"; };
		86FB48CA25871B0D000E75E3 /* Assets.xcassets */ = {isa = PBXFileReference; lastKnownFileType = folder.assetcatalog; path = Assets.xcassets; sourceTree = "<group>"; };
		86FB48CD25871B0D000E75E3 /* Preview Assets.xcassets */ = {isa = PBXFileReference; lastKnownFileType = folder.assetcatalog; path = "Preview Assets.xcassets"; sourceTree = "<group>"; };
		86FB48CF25871B0D000E75E3 /* Info.plist */ = {isa = PBXFileReference; lastKnownFileType = text.plist.xml; path = Info.plist; sourceTree = "<group>"; };
		86FB48F425871BA7000E75E3 /* ButtonText.swift */ = {isa = PBXFileReference; fileEncoding = 4; lastKnownFileType = sourcecode.swift; path = ButtonText.swift; sourceTree = "<group>"; };
		86FB48F525871BA7000E75E3 /* FullScreenButton.swift */ = {isa = PBXFileReference; fileEncoding = 4; lastKnownFileType = sourcecode.swift; path = FullScreenButton.swift; sourceTree = "<group>"; };
		86FB48F625871BA7000E75E3 /* ContentView.swift */ = {isa = PBXFileReference; fileEncoding = 4; lastKnownFileType = sourcecode.swift; path = ContentView.swift; sourceTree = "<group>"; };
		86FB48F925871BA7000E75E3 /* OrderTile.swift */ = {isa = PBXFileReference; fileEncoding = 4; lastKnownFileType = sourcecode.swift; path = OrderTile.swift; sourceTree = "<group>"; };
		86FB48FA25871BA7000E75E3 /* TextSpecification.swift */ = {isa = PBXFileReference; fileEncoding = 4; lastKnownFileType = sourcecode.swift; path = TextSpecification.swift; sourceTree = "<group>"; };
		86FB48FB25871BA7000E75E3 /* StatusTile2.swift */ = {isa = PBXFileReference; fileEncoding = 4; lastKnownFileType = sourcecode.swift; path = StatusTile2.swift; sourceTree = "<group>"; };
		86FB490025871BA7000E75E3 /* WalletButtonUntoggled.swift */ = {isa = PBXFileReference; fileEncoding = 4; lastKnownFileType = sourcecode.swift; path = WalletButtonUntoggled.swift; sourceTree = "<group>"; };
		86FB490125871BA7000E75E3 /* WalletButtonToggled.swift */ = {isa = PBXFileReference; fileEncoding = 4; lastKnownFileType = sourcecode.swift; path = WalletButtonToggled.swift; sourceTree = "<group>"; };
		86FB490225871BA7000E75E3 /* WalletButton.swift */ = {isa = PBXFileReference; fileEncoding = 4; lastKnownFileType = sourcecode.swift; path = WalletButton.swift; sourceTree = "<group>"; };
		86FB490425871BA7000E75E3 /* SettingsButtonUntoggled.swift */ = {isa = PBXFileReference; fileEncoding = 4; lastKnownFileType = sourcecode.swift; path = SettingsButtonUntoggled.swift; sourceTree = "<group>"; };
		86FB490525871BA7000E75E3 /* SettingsButton.swift */ = {isa = PBXFileReference; fileEncoding = 4; lastKnownFileType = sourcecode.swift; path = SettingsButton.swift; sourceTree = "<group>"; };
		86FB490625871BA7000E75E3 /* SettingsButtonToggled.swift */ = {isa = PBXFileReference; fileEncoding = 4; lastKnownFileType = sourcecode.swift; path = SettingsButtonToggled.swift; sourceTree = "<group>"; };
		86FB490725871BA7000E75E3 /* PlusButton.swift */ = {isa = PBXFileReference; fileEncoding = 4; lastKnownFileType = sourcecode.swift; path = PlusButton.swift; sourceTree = "<group>"; };
		86FB490925871BA7000E75E3 /* OrdersButtonToggled.swift */ = {isa = PBXFileReference; fileEncoding = 4; lastKnownFileType = sourcecode.swift; path = OrdersButtonToggled.swift; sourceTree = "<group>"; };
		86FB490A25871BA7000E75E3 /* OrdersButtonUntoggled.swift */ = {isa = PBXFileReference; fileEncoding = 4; lastKnownFileType = sourcecode.swift; path = OrdersButtonUntoggled.swift; sourceTree = "<group>"; };
		86FB490B25871BA7000E75E3 /* OrderButton.swift */ = {isa = PBXFileReference; fileEncoding = 4; lastKnownFileType = sourcecode.swift; path = OrderButton.swift; sourceTree = "<group>"; };
		86FB490D25871BA7000E75E3 /* HomeButtonToggled.swift */ = {isa = PBXFileReference; fileEncoding = 4; lastKnownFileType = sourcecode.swift; path = HomeButtonToggled.swift; sourceTree = "<group>"; };
		86FB490E25871BA7000E75E3 /* HomeButton.swift */ = {isa = PBXFileReference; fileEncoding = 4; lastKnownFileType = sourcecode.swift; path = HomeButton.swift; sourceTree = "<group>"; };
		86FB490F25871BA7000E75E3 /* HomeButtonUntoggled.swift */ = {isa = PBXFileReference; fileEncoding = 4; lastKnownFileType = sourcecode.swift; path = HomeButtonUntoggled.swift; sourceTree = "<group>"; };
		86FB491025871BA7000E75E3 /* NavBar.swift */ = {isa = PBXFileReference; fileEncoding = 4; lastKnownFileType = sourcecode.swift; path = NavBar.swift; sourceTree = "<group>"; };
		86FB491225871BA7000E75E3 /* PromotionBadge.swift */ = {isa = PBXFileReference; fileEncoding = 4; lastKnownFileType = sourcecode.swift; path = PromotionBadge.swift; sourceTree = "<group>"; };
		86FB491325871BA7000E75E3 /* PromotionCard.swift */ = {isa = PBXFileReference; fileEncoding = 4; lastKnownFileType = sourcecode.swift; path = PromotionCard.swift; sourceTree = "<group>"; };
		86FB491525871BA8000E75E3 /* StatusTile.swift */ = {isa = PBXFileReference; fileEncoding = 4; lastKnownFileType = sourcecode.swift; path = StatusTile.swift; sourceTree = "<group>"; };
		86FB491625871BA8000E75E3 /* RecentOrderTile.swift */ = {isa = PBXFileReference; fileEncoding = 4; lastKnownFileType = sourcecode.swift; path = RecentOrderTile.swift; sourceTree = "<group>"; };
		86FB491825871BA8000E75E3 /* DottedSeperator.swift */ = {isa = PBXFileReference; fileEncoding = 4; lastKnownFileType = sourcecode.swift; path = DottedSeperator.swift; sourceTree = "<group>"; };
		86FB491A25871BA8000E75E3 /* Hanger_Selected.swift */ = {isa = PBXFileReference; fileEncoding = 4; lastKnownFileType = sourcecode.swift; path = Hanger_Selected.swift; sourceTree = "<group>"; };
		86FB491B25871BA8000E75E3 /* Hanger_Deselected.swift */ = {isa = PBXFileReference; fileEncoding = 4; lastKnownFileType = sourcecode.swift; path = Hanger_Deselected.swift; sourceTree = "<group>"; };
		86FB491C25871BA8000E75E3 /* HangerRating.swift */ = {isa = PBXFileReference; fileEncoding = 4; lastKnownFileType = sourcecode.swift; path = HangerRating.swift; sourceTree = "<group>"; };
		86FB491E25871BA8000E75E3 /* PageSelectorDot.swift */ = {isa = PBXFileReference; fileEncoding = 4; lastKnownFileType = sourcecode.swift; path = PageSelectorDot.swift; sourceTree = "<group>"; };
		86FB491F25871BA8000E75E3 /* PageSelector.swift */ = {isa = PBXFileReference; fileEncoding = 4; lastKnownFileType = sourcecode.swift; path = PageSelector.swift; sourceTree = "<group>"; };
		86FB492025871BA8000E75E3 /* PageSelectorDash.swift */ = {isa = PBXFileReference; fileEncoding = 4; lastKnownFileType = sourcecode.swift; path = PageSelectorDash.swift; sourceTree = "<group>"; };
		86FB492225871BA8000E75E3 /* HomeScreenCategoryText.swift */ = {isa = PBXFileReference; fileEncoding = 4; lastKnownFileType = sourcecode.swift; path = HomeScreenCategoryText.swift; sourceTree = "<group>"; };
		86FB494925871BF3000E75E3 /* CleanerTile.swift */ = {isa = PBXFileReference; fileEncoding = 4; lastKnownFileType = sourcecode.swift; path = CleanerTile.swift; sourceTree = "<group>"; };
		86FB494A25871BF3000E75E3 /* CleanerTileButton.swift */ = {isa = PBXFileReference; fileEncoding = 4; lastKnownFileType = sourcecode.swift; path = CleanerTileButton.swift; sourceTree = "<group>"; };
		86FB494B25871BF3000E75E3 /* CleanerTileText.swift */ = {isa = PBXFileReference; fileEncoding = 4; lastKnownFileType = sourcecode.swift; path = CleanerTileText.swift; sourceTree = "<group>"; };
/* End PBXFileReference section */

/* Begin PBXFrameworksBuildPhase section */
		86FB48C025871B0B000E75E3 /* Frameworks */ = {
			isa = PBXFrameworksBuildPhase;
			buildActionMask = 2147483647;
			files = (
			);
			runOnlyForDeploymentPostprocessing = 0;
		};
/* End PBXFrameworksBuildPhase section */

/* Begin PBXGroup section */
		86FB48BA25871B0B000E75E3 = {
			isa = PBXGroup;
			children = (
				86FB48C525871B0B000E75E3 /* Wireframes */,
				86FB48C425871B0B000E75E3 /* Products */,
			);
			sourceTree = "<group>";
		};
		86FB48C425871B0B000E75E3 /* Products */ = {
			isa = PBXGroup;
			children = (
				86FB48C325871B0B000E75E3 /* Wireframes.app */,
			);
			name = Products;
			sourceTree = "<group>";
		};
		86FB48C525871B0B000E75E3 /* Wireframes */ = {
			isa = PBXGroup;
			children = (
				86FB494825871BF3000E75E3 /* CleanerTiles */,
				86FB48F325871BA7000E75E3 /* Button */,
				86FB491725871BA8000E75E3 /* DottedSeperator */,
				86FB491925871BA8000E75E3 /* HangerRating */,
				86FB48FD25871BA7000E75E3 /* Navigation Bar */,
				86FB48F725871BA7000E75E3 /* Order Tile */,
				86FB491D25871BA8000E75E3 /* PageSelector */,
				86FB491125871BA7000E75E3 /* PromotionCard */,
				86FB491425871BA8000E75E3 /* Recent Order Tile */,
				86FB492125871BA8000E75E3 /* Text */,
				86FB48C625871B0B000E75E3 /* WireframesApp.swift */,
				86FB48F625871BA7000E75E3 /* ContentView.swift */,
				86FB48CA25871B0D000E75E3 /* Assets.xcassets */,
				86FB48CF25871B0D000E75E3 /* Info.plist */,
				86FB48CC25871B0D000E75E3 /* Preview Content */,
			);
			path = Wireframes;
			sourceTree = "<group>";
		};
		86FB48CC25871B0D000E75E3 /* Preview Content */ = {
			isa = PBXGroup;
			children = (
				86FB48CD25871B0D000E75E3 /* Preview Assets.xcassets */,
			);
			path = "Preview Content";
			sourceTree = "<group>";
		};
		86FB48F325871BA7000E75E3 /* Button */ = {
			isa = PBXGroup;
			children = (
				86FB48F425871BA7000E75E3 /* ButtonText.swift */,
				86FB48F525871BA7000E75E3 /* FullScreenButton.swift */,
			);
			path = Button;
			sourceTree = "<group>";
		};
		86FB48F725871BA7000E75E3 /* Order Tile */ = {
			isa = PBXGroup;
			children = (
				86FB48F925871BA7000E75E3 /* OrderTile.swift */,
				86FB48FA25871BA7000E75E3 /* TextSpecification.swift */,
				86FB48FB25871BA7000E75E3 /* StatusTile2.swift */,
			);
			path = "Order Tile";
			sourceTree = "<group>";
		};
		86FB48FD25871BA7000E75E3 /* Navigation Bar */ = {
			isa = PBXGroup;
			children = (
				86FB48FE25871BA7000E75E3 /* Buttons */,
				86FB491025871BA7000E75E3 /* NavBar.swift */,
			);
			path = "Navigation Bar";
			sourceTree = "<group>";
		};
		86FB48FE25871BA7000E75E3 /* Buttons */ = {
			isa = PBXGroup;
			children = (
				86FB48FF25871BA7000E75E3 /* Wallet Button */,
				86FB490325871BA7000E75E3 /* Settings Button */,
				86FB490725871BA7000E75E3 /* PlusButton.swift */,
				86FB490825871BA7000E75E3 /* Order Button */,
				86FB490C25871BA7000E75E3 /* Home Button */,
			);
			path = Buttons;
			sourceTree = "<group>";
		};
		86FB48FF25871BA7000E75E3 /* Wallet Button */ = {
			isa = PBXGroup;
			children = (
				86FB490025871BA7000E75E3 /* WalletButtonUntoggled.swift */,
				86FB490125871BA7000E75E3 /* WalletButtonToggled.swift */,
				86FB490225871BA7000E75E3 /* WalletButton.swift */,
			);
			path = "Wallet Button";
			sourceTree = "<group>";
		};
		86FB490325871BA7000E75E3 /* Settings Button */ = {
			isa = PBXGroup;
			children = (
				86FB490425871BA7000E75E3 /* SettingsButtonUntoggled.swift */,
				86FB490525871BA7000E75E3 /* SettingsButton.swift */,
				86FB490625871BA7000E75E3 /* SettingsButtonToggled.swift */,
			);
			path = "Settings Button";
			sourceTree = "<group>";
		};
		86FB490825871BA7000E75E3 /* Order Button */ = {
			isa = PBXGroup;
			children = (
				86FB490925871BA7000E75E3 /* OrdersButtonToggled.swift */,
				86FB490A25871BA7000E75E3 /* OrdersButtonUntoggled.swift */,
				86FB490B25871BA7000E75E3 /* OrderButton.swift */,
			);
			path = "Order Button";
			sourceTree = "<group>";
		};
		86FB490C25871BA7000E75E3 /* Home Button */ = {
			isa = PBXGroup;
			children = (
				86FB490D25871BA7000E75E3 /* HomeButtonToggled.swift */,
				86FB490E25871BA7000E75E3 /* HomeButton.swift */,
				86FB490F25871BA7000E75E3 /* HomeButtonUntoggled.swift */,
			);
			path = "Home Button";
			sourceTree = "<group>";
		};
		86FB491125871BA7000E75E3 /* PromotionCard */ = {
			isa = PBXGroup;
			children = (
				86FB491225871BA7000E75E3 /* PromotionBadge.swift */,
				86FB491325871BA7000E75E3 /* PromotionCard.swift */,
			);
			path = PromotionCard;
			sourceTree = "<group>";
		};
		86FB491425871BA8000E75E3 /* Recent Order Tile */ = {
			isa = PBXGroup;
			children = (
				86FB491525871BA8000E75E3 /* StatusTile.swift */,
				86FB491625871BA8000E75E3 /* RecentOrderTile.swift */,
			);
			path = "Recent Order Tile";
			sourceTree = "<group>";
		};
		86FB491725871BA8000E75E3 /* DottedSeperator */ = {
			isa = PBXGroup;
			children = (
				86FB491825871BA8000E75E3 /* DottedSeperator.swift */,
			);
			path = DottedSeperator;
			sourceTree = "<group>";
		};
		86FB491925871BA8000E75E3 /* HangerRating */ = {
			isa = PBXGroup;
			children = (
				86FB491A25871BA8000E75E3 /* Hanger_Selected.swift */,
				86FB491B25871BA8000E75E3 /* Hanger_Deselected.swift */,
				86FB491C25871BA8000E75E3 /* HangerRating.swift */,
			);
			path = HangerRating;
			sourceTree = "<group>";
		};
		86FB491D25871BA8000E75E3 /* PageSelector */ = {
			isa = PBXGroup;
			children = (
				86FB491E25871BA8000E75E3 /* PageSelectorDot.swift */,
				86FB491F25871BA8000E75E3 /* PageSelector.swift */,
				86FB492025871BA8000E75E3 /* PageSelectorDash.swift */,
			);
			path = PageSelector;
			sourceTree = "<group>";
		};
		86FB492125871BA8000E75E3 /* Text */ = {
			isa = PBXGroup;
			children = (
				86FB492225871BA8000E75E3 /* HomeScreenCategoryText.swift */,
			);
			path = Text;
			sourceTree = "<group>";
		};
		86FB494825871BF3000E75E3 /* CleanerTiles */ = {
			isa = PBXGroup;
			children = (
				86FB494925871BF3000E75E3 /* CleanerTile.swift */,
				86FB494A25871BF3000E75E3 /* CleanerTileButton.swift */,
				86FB494B25871BF3000E75E3 /* CleanerTileText.swift */,
			);
			path = CleanerTiles;
			sourceTree = "<group>";
		};
/* End PBXGroup section */

/* Begin PBXNativeTarget section */
		86FB48C225871B0B000E75E3 /* Wireframes */ = {
			isa = PBXNativeTarget;
			buildConfigurationList = 86FB48D225871B0D000E75E3 /* Build configuration list for PBXNativeTarget "Wireframes" */;
			buildPhases = (
				86FB48BF25871B0B000E75E3 /* Sources */,
				86FB48C025871B0B000E75E3 /* Frameworks */,
				86FB48C125871B0B000E75E3 /* Resources */,
			);
			buildRules = (
			);
			dependencies = (
			);
			name = Wireframes;
			productName = Wireframes;
			productReference = 86FB48C325871B0B000E75E3 /* Wireframes.app */;
			productType = "com.apple.product-type.application";
		};
/* End PBXNativeTarget section */

/* Begin PBXProject section */
		86FB48BB25871B0B000E75E3 /* Project object */ = {
			isa = PBXProject;
			attributes = {
				LastSwiftUpdateCheck = 1220;
				LastUpgradeCheck = 1220;
				TargetAttributes = {
					86FB48C225871B0B000E75E3 = {
						CreatedOnToolsVersion = 12.2;
					};
				};
			};
			buildConfigurationList = 86FB48BE25871B0B000E75E3 /* Build configuration list for PBXProject "Wireframes" */;
			compatibilityVersion = "Xcode 9.3";
			developmentRegion = en;
			hasScannedForEncodings = 0;
			knownRegions = (
				en,
				Base,
			);
			mainGroup = 86FB48BA25871B0B000E75E3;
			productRefGroup = 86FB48C425871B0B000E75E3 /* Products */;
			projectDirPath = "";
			projectRoot = "";
			targets = (
				86FB48C225871B0B000E75E3 /* Wireframes */,
			);
		};
/* End PBXProject section */

/* Begin PBXResourcesBuildPhase section */
		86FB48C125871B0B000E75E3 /* Resources */ = {
			isa = PBXResourcesBuildPhase;
			buildActionMask = 2147483647;
			files = (
				86FB48CE25871B0D000E75E3 /* Preview Assets.xcassets in Resources */,
				86FB48CB25871B0D000E75E3 /* Assets.xcassets in Resources */,
			);
			runOnlyForDeploymentPostprocessing = 0;
		};
/* End PBXResourcesBuildPhase section */

/* Begin PBXSourcesBuildPhase section */
		86FB48BF25871B0B000E75E3 /* Sources */ = {
			isa = PBXSourcesBuildPhase;
			buildActionMask = 2147483647;
			files = (
				86FB492C25871BA8000E75E3 /* WalletButtonUntoggled.swift in Sources */,
				86FB493E25871BA8000E75E3 /* DottedSeperator.swift in Sources */,
				86FB493C25871BA8000E75E3 /* StatusTile.swift in Sources */,
				86FB493A25871BA8000E75E3 /* PromotionBadge.swift in Sources */,
				86FB494125871BA8000E75E3 /* HangerRating.swift in Sources */,
				86FB492A25871BA8000E75E3 /* StatusTile2.swift in Sources */,
				86FB492D25871BA8000E75E3 /* WalletButtonToggled.swift in Sources */,
				86FB493F25871BA8000E75E3 /* Hanger_Selected.swift in Sources */,
				86FB493D25871BA8000E75E3 /* RecentOrderTile.swift in Sources */,
				86FB492525871BA8000E75E3 /* FullScreenButton.swift in Sources */,
				86FB494425871BA8000E75E3 /* PageSelectorDash.swift in Sources */,
				86FB492825871BA8000E75E3 /* OrderTile.swift in Sources */,
				86FB492E25871BA8000E75E3 /* WalletButton.swift in Sources */,
				86FB492425871BA8000E75E3 /* ButtonText.swift in Sources */,
				86FB493925871BA8000E75E3 /* NavBar.swift in Sources */,
				86FB493825871BA8000E75E3 /* HomeButtonUntoggled.swift in Sources */,
				86FB494525871BA8000E75E3 /* HomeScreenCategoryText.swift in Sources */,
				86FB493025871BA8000E75E3 /* SettingsButton.swift in Sources */,
				86FB493625871BA8000E75E3 /* HomeButtonToggled.swift in Sources */,
				86FB493725871BA8000E75E3 /* HomeButton.swift in Sources */,
				86FB493B25871BA8000E75E3 /* PromotionCard.swift in Sources */,
				86FB492925871BA8000E75E3 /* TextSpecification.swift in Sources */,
				86FB494225871BA8000E75E3 /* PageSelectorDot.swift in Sources */,
				86FB492F25871BA8000E75E3 /* SettingsButtonUntoggled.swift in Sources */,
				86FB493225871BA8000E75E3 /* PlusButton.swift in Sources */,
				86FB494025871BA8000E75E3 /* Hanger_Deselected.swift in Sources */,
				86FB493425871BA8000E75E3 /* OrdersButtonUntoggled.swift in Sources */,
				86FB494C25871BF3000E75E3 /* CleanerTile.swift in Sources */,
				86FB493325871BA8000E75E3 /* OrdersButtonToggled.swift in Sources */,
				86FB494325871BA8000E75E3 /* PageSelector.swift in Sources */,
				86FB493125871BA8000E75E3 /* SettingsButtonToggled.swift in Sources */,
				86FB492625871BA8000E75E3 /* ContentView.swift in Sources */,
				86FB493525871BA8000E75E3 /* OrderButton.swift in Sources */,
				86FB48C725871B0B000E75E3 /* WireframesApp.swift in Sources */,
				86FB494D25871BF3000E75E3 /* CleanerTileButton.swift in Sources */,
				86FB494E25871BF3000E75E3 /* CleanerTileText.swift in Sources */,
			);
			runOnlyForDeploymentPostprocessing = 0;
		};
/* End PBXSourcesBuildPhase section */

/* Begin XCBuildConfiguration section */
		86FB48D025871B0D000E75E3 /* Debug */ = {
			isa = XCBuildConfiguration;
			buildSettings = {
				ALWAYS_SEARCH_USER_PATHS = NO;
				CLANG_ANALYZER_NONNULL = YES;
				CLANG_ANALYZER_NUMBER_OBJECT_CONVERSION = YES_AGGRESSIVE;
				CLANG_CXX_LANGUAGE_STANDARD = "gnu++14";
				CLANG_CXX_LIBRARY = "libc++";
				CLANG_ENABLE_MODULES = YES;
				CLANG_ENABLE_OBJC_ARC = YES;
				CLANG_ENABLE_OBJC_WEAK = YES;
				CLANG_WARN_BLOCK_CAPTURE_AUTORELEASING = YES;
				CLANG_WARN_BOOL_CONVERSION = YES;
				CLANG_WARN_COMMA = YES;
				CLANG_WARN_CONSTANT_CONVERSION = YES;
				CLANG_WARN_DEPRECATED_OBJC_IMPLEMENTATIONS = YES;
				CLANG_WARN_DIRECT_OBJC_ISA_USAGE = YES_ERROR;
				CLANG_WARN_DOCUMENTATION_COMMENTS = YES;
				CLANG_WARN_EMPTY_BODY = YES;
				CLANG_WARN_ENUM_CONVERSION = YES;
				CLANG_WARN_INFINITE_RECURSION = YES;
				CLANG_WARN_INT_CONVERSION = YES;
				CLANG_WARN_NON_LITERAL_NULL_CONVERSION = YES;
				CLANG_WARN_OBJC_IMPLICIT_RETAIN_SELF = YES;
				CLANG_WARN_OBJC_LITERAL_CONVERSION = YES;
				CLANG_WARN_OBJC_ROOT_CLASS = YES_ERROR;
				CLANG_WARN_QUOTED_INCLUDE_IN_FRAMEWORK_HEADER = YES;
				CLANG_WARN_RANGE_LOOP_ANALYSIS = YES;
				CLANG_WARN_STRICT_PROTOTYPES = YES;
				CLANG_WARN_SUSPICIOUS_MOVE = YES;
				CLANG_WARN_UNGUARDED_AVAILABILITY = YES_AGGRESSIVE;
				CLANG_WARN_UNREACHABLE_CODE = YES;
				CLANG_WARN__DUPLICATE_METHOD_MATCH = YES;
				COPY_PHASE_STRIP = NO;
				DEBUG_INFORMATION_FORMAT = dwarf;
				ENABLE_STRICT_OBJC_MSGSEND = YES;
				ENABLE_TESTABILITY = YES;
				GCC_C_LANGUAGE_STANDARD = gnu11;
				GCC_DYNAMIC_NO_PIC = NO;
				GCC_NO_COMMON_BLOCKS = YES;
				GCC_OPTIMIZATION_LEVEL = 0;
				GCC_PREPROCESSOR_DEFINITIONS = (
					"DEBUG=1",
					"$(inherited)",
				);
				GCC_WARN_64_TO_32_BIT_CONVERSION = YES;
				GCC_WARN_ABOUT_RETURN_TYPE = YES_ERROR;
				GCC_WARN_UNDECLARED_SELECTOR = YES;
				GCC_WARN_UNINITIALIZED_AUTOS = YES_AGGRESSIVE;
				GCC_WARN_UNUSED_FUNCTION = YES;
				GCC_WARN_UNUSED_VARIABLE = YES;
				IPHONEOS_DEPLOYMENT_TARGET = 14.2;
				MTL_ENABLE_DEBUG_INFO = INCLUDE_SOURCE;
				MTL_FAST_MATH = YES;
				ONLY_ACTIVE_ARCH = YES;
				SDKROOT = iphoneos;
				SWIFT_ACTIVE_COMPILATION_CONDITIONS = DEBUG;
				SWIFT_OPTIMIZATION_LEVEL = "-Onone";
			};
			name = Debug;
		};
		86FB48D125871B0D000E75E3 /* Release */ = {
			isa = XCBuildConfiguration;
			buildSettings = {
				ALWAYS_SEARCH_USER_PATHS = NO;
				CLANG_ANALYZER_NONNULL = YES;
				CLANG_ANALYZER_NUMBER_OBJECT_CONVERSION = YES_AGGRESSIVE;
				CLANG_CXX_LANGUAGE_STANDARD = "gnu++14";
				CLANG_CXX_LIBRARY = "libc++";
				CLANG_ENABLE_MODULES = YES;
				CLANG_ENABLE_OBJC_ARC = YES;
				CLANG_ENABLE_OBJC_WEAK = YES;
				CLANG_WARN_BLOCK_CAPTURE_AUTORELEASING = YES;
				CLANG_WARN_BOOL_CONVERSION = YES;
				CLANG_WARN_COMMA = YES;
				CLANG_WARN_CONSTANT_CONVERSION = YES;
				CLANG_WARN_DEPRECATED_OBJC_IMPLEMENTATIONS = YES;
				CLANG_WARN_DIRECT_OBJC_ISA_USAGE = YES_ERROR;
				CLANG_WARN_DOCUMENTATION_COMMENTS = YES;
				CLANG_WARN_EMPTY_BODY = YES;
				CLANG_WARN_ENUM_CONVERSION = YES;
				CLANG_WARN_INFINITE_RECURSION = YES;
				CLANG_WARN_INT_CONVERSION = YES;
				CLANG_WARN_NON_LITERAL_NULL_CONVERSION = YES;
				CLANG_WARN_OBJC_IMPLICIT_RETAIN_SELF = YES;
				CLANG_WARN_OBJC_LITERAL_CONVERSION = YES;
				CLANG_WARN_OBJC_ROOT_CLASS = YES_ERROR;
				CLANG_WARN_QUOTED_INCLUDE_IN_FRAMEWORK_HEADER = YES;
				CLANG_WARN_RANGE_LOOP_ANALYSIS = YES;
				CLANG_WARN_STRICT_PROTOTYPES = YES;
				CLANG_WARN_SUSPICIOUS_MOVE = YES;
				CLANG_WARN_UNGUARDED_AVAILABILITY = YES_AGGRESSIVE;
				CLANG_WARN_UNREACHABLE_CODE = YES;
				CLANG_WARN__DUPLICATE_METHOD_MATCH = YES;
				COPY_PHASE_STRIP = NO;
				DEBUG_INFORMATION_FORMAT = "dwarf-with-dsym";
				ENABLE_NS_ASSERTIONS = NO;
				ENABLE_STRICT_OBJC_MSGSEND = YES;
				GCC_C_LANGUAGE_STANDARD = gnu11;
				GCC_NO_COMMON_BLOCKS = YES;
				GCC_WARN_64_TO_32_BIT_CONVERSION = YES;
				GCC_WARN_ABOUT_RETURN_TYPE = YES_ERROR;
				GCC_WARN_UNDECLARED_SELECTOR = YES;
				GCC_WARN_UNINITIALIZED_AUTOS = YES_AGGRESSIVE;
				GCC_WARN_UNUSED_FUNCTION = YES;
				GCC_WARN_UNUSED_VARIABLE = YES;
				IPHONEOS_DEPLOYMENT_TARGET = 14.2;
				MTL_ENABLE_DEBUG_INFO = NO;
				MTL_FAST_MATH = YES;
				SDKROOT = iphoneos;
				SWIFT_COMPILATION_MODE = wholemodule;
				SWIFT_OPTIMIZATION_LEVEL = "-O";
				VALIDATE_PRODUCT = YES;
			};
			name = Release;
		};
		86FB48D325871B0D000E75E3 /* Debug */ = {
			isa = XCBuildConfiguration;
			buildSettings = {
				ASSETCATALOG_COMPILER_APPICON_NAME = AppIcon;
				ASSETCATALOG_COMPILER_GLOBAL_ACCENT_COLOR_NAME = AccentColor;
				CODE_SIGN_STYLE = Automatic;
				DEVELOPMENT_ASSET_PATHS = "\"Wireframes/Preview Content\"";
				ENABLE_PREVIEWS = YES;
				INFOPLIST_FILE = Wireframes/Info.plist;
				IPHONEOS_DEPLOYMENT_TARGET = 14.0;
				LD_RUNPATH_SEARCH_PATHS = (
					"$(inherited)",
					"@executable_path/Frameworks",
				);
				PRODUCT_BUNDLE_IDENTIFIER = com.gavinmccabe.Wireframes;
				PRODUCT_NAME = "$(TARGET_NAME)";
				SWIFT_VERSION = 5.0;
				TARGETED_DEVICE_FAMILY = "1,2";
			};
			name = Debug;
		};
		86FB48D425871B0D000E75E3 /* Release */ = {
			isa = XCBuildConfiguration;
			buildSettings = {
				ASSETCATALOG_COMPILER_APPICON_NAME = AppIcon;
				ASSETCATALOG_COMPILER_GLOBAL_ACCENT_COLOR_NAME = AccentColor;
				CODE_SIGN_STYLE = Automatic;
				DEVELOPMENT_ASSET_PATHS = "\"Wireframes/Preview Content\"";
				ENABLE_PREVIEWS = YES;
				INFOPLIST_FILE = Wireframes/Info.plist;
				IPHONEOS_DEPLOYMENT_TARGET = 14.0;
				LD_RUNPATH_SEARCH_PATHS = (
					"$(inherited)",
					"@executable_path/Frameworks",
				);
				PRODUCT_BUNDLE_IDENTIFIER = com.gavinmccabe.Wireframes;
				PRODUCT_NAME = "$(TARGET_NAME)";
				SWIFT_VERSION = 5.0;
				TARGETED_DEVICE_FAMILY = "1,2";
			};
			name = Release;
		};
/* End XCBuildConfiguration section */

/* Begin XCConfigurationList section */
		86FB48BE25871B0B000E75E3 /* Build configuration list for PBXProject "Wireframes" */ = {
			isa = XCConfigurationList;
			buildConfigurations = (
				86FB48D025871B0D000E75E3 /* Debug */,
				86FB48D125871B0D000E75E3 /* Release */,
			);
			defaultConfigurationIsVisible = 0;
			defaultConfigurationName = Release;
		};
		86FB48D225871B0D000E75E3 /* Build configuration list for PBXNativeTarget "Wireframes" */ = {
			isa = XCConfigurationList;
			buildConfigurations = (
				86FB48D325871B0D000E75E3 /* Debug */,
				86FB48D425871B0D000E75E3 /* Release */,
			);
			defaultConfigurationIsVisible = 0;
			defaultConfigurationName = Release;
		};
/* End XCConfigurationList section */
	};
	rootObject = 86FB48BB25871B0B000E75E3 /* Project object */;
}
