// !$*UTF8*$!
{
	archiveVersion = 1;
	classes = {
	};
	objectVersion = 50;
	objects = {

/* Begin PBXBuildFile section */
		862768682574980300A5DE22 /* WireframesApp.swift in Sources */ = {isa = PBXBuildFile; fileRef = 862768672574980300A5DE22 /* WireframesApp.swift */; };
		8627686A2574980300A5DE22 /* ContentView.swift in Sources */ = {isa = PBXBuildFile; fileRef = 862768692574980300A5DE22 /* ContentView.swift */; };
		8627686C2574980300A5DE22 /* Assets.xcassets in Resources */ = {isa = PBXBuildFile; fileRef = 8627686B2574980300A5DE22 /* Assets.xcassets */; };
		8627686F2574980300A5DE22 /* Preview Assets.xcassets in Resources */ = {isa = PBXBuildFile; fileRef = 8627686E2574980300A5DE22 /* Preview Assets.xcassets */; };
		F30AE78725758E3C00DAE012 /* CleanerTileText.swift in Sources */ = {isa = PBXBuildFile; fileRef = F30AE78625758E3C00DAE012 /* CleanerTileText.swift */; };
		F30AE78A25758E4A00DAE012 /* MapView.swift in Sources */ = {isa = PBXBuildFile; fileRef = F30AE78925758E4A00DAE012 /* MapView.swift */; };
		F30AE78D257590BC00DAE012 /* CleanerTile.swift in Sources */ = {isa = PBXBuildFile; fileRef = F30AE78C257590BC00DAE012 /* CleanerTile.swift */; };
		F30AE7902575916400DAE012 /* CleanerTileButton.swift in Sources */ = {isa = PBXBuildFile; fileRef = F30AE78F2575916400DAE012 /* CleanerTileButton.swift */; };
		F3553E372575EC040023BB96 /* OrderButton.swift in Sources */ = {isa = PBXBuildFile; fileRef = F3553E292575EC040023BB96 /* OrderButton.swift */; };
		F3553E382575EC040023BB96 /* WalletButtonUntoggled.swift in Sources */ = {isa = PBXBuildFile; fileRef = F3553E2A2575EC040023BB96 /* WalletButtonUntoggled.swift */; };
		F3553E392575EC040023BB96 /* OrdersButtonToggled.swift in Sources */ = {isa = PBXBuildFile; fileRef = F3553E2B2575EC040023BB96 /* OrdersButtonToggled.swift */; };
		F3553E3A2575EC040023BB96 /* SettingsButtonToggled.swift in Sources */ = {isa = PBXBuildFile; fileRef = F3553E2C2575EC040023BB96 /* SettingsButtonToggled.swift */; };
		F3553E3B2575EC040023BB96 /* SettingsButton.swift in Sources */ = {isa = PBXBuildFile; fileRef = F3553E2D2575EC040023BB96 /* SettingsButton.swift */; };
		F3553E3C2575EC040023BB96 /* HomeButtonUntoggled.swift in Sources */ = {isa = PBXBuildFile; fileRef = F3553E2E2575EC040023BB96 /* HomeButtonUntoggled.swift */; };
		F3553E3D2575EC040023BB96 /* WalletButtonToggled.swift in Sources */ = {isa = PBXBuildFile; fileRef = F3553E2F2575EC040023BB96 /* WalletButtonToggled.swift */; };
		F3553E3E2575EC040023BB96 /* PlusButton.swift in Sources */ = {isa = PBXBuildFile; fileRef = F3553E302575EC040023BB96 /* PlusButton.swift */; };
		F3553E3F2575EC040023BB96 /* SettingsButtonUntoggled.swift in Sources */ = {isa = PBXBuildFile; fileRef = F3553E312575EC040023BB96 /* SettingsButtonUntoggled.swift */; };
		F3553E402575EC040023BB96 /* NavBar.swift in Sources */ = {isa = PBXBuildFile; fileRef = F3553E322575EC040023BB96 /* NavBar.swift */; };
		F3553E412575EC040023BB96 /* HomeButtonToggled.swift in Sources */ = {isa = PBXBuildFile; fileRef = F3553E332575EC040023BB96 /* HomeButtonToggled.swift */; };
		F3553E422575EC040023BB96 /* WalletButton.swift in Sources */ = {isa = PBXBuildFile; fileRef = F3553E342575EC040023BB96 /* WalletButton.swift */; };
		F3553E432575EC040023BB96 /* HomeButton.swift in Sources */ = {isa = PBXBuildFile; fileRef = F3553E352575EC040023BB96 /* HomeButton.swift */; };
		F3553E442575EC040023BB96 /* OrdersButtonUntoggled.swift in Sources */ = {isa = PBXBuildFile; fileRef = F3553E362575EC040023BB96 /* OrdersButtonUntoggled.swift */; };
/* End PBXBuildFile section */

/* Begin PBXFileReference section */
		862768642574980300A5DE22 /* Wireframes.app */ = {isa = PBXFileReference; explicitFileType = wrapper.application; includeInIndex = 0; path = Wireframes.app; sourceTree = BUILT_PRODUCTS_DIR; };
		862768672574980300A5DE22 /* WireframesApp.swift */ = {isa = PBXFileReference; lastKnownFileType = sourcecode.swift; path = WireframesApp.swift; sourceTree = "<group>"; };
		862768692574980300A5DE22 /* ContentView.swift */ = {isa = PBXFileReference; lastKnownFileType = sourcecode.swift; path = ContentView.swift; sourceTree = "<group>"; };
		8627686B2574980300A5DE22 /* Assets.xcassets */ = {isa = PBXFileReference; lastKnownFileType = folder.assetcatalog; path = Assets.xcassets; sourceTree = "<group>"; };
		8627686E2574980300A5DE22 /* Preview Assets.xcassets */ = {isa = PBXFileReference; lastKnownFileType = folder.assetcatalog; path = "Preview Assets.xcassets"; sourceTree = "<group>"; };
		862768702574980300A5DE22 /* Info.plist */ = {isa = PBXFileReference; lastKnownFileType = text.plist.xml; path = Info.plist; sourceTree = "<group>"; };
		F30AE78625758E3C00DAE012 /* CleanerTileText.swift */ = {isa = PBXFileReference; lastKnownFileType = sourcecode.swift; path = CleanerTileText.swift; sourceTree = "<group>"; };
		F30AE78925758E4A00DAE012 /* MapView.swift */ = {isa = PBXFileReference; lastKnownFileType = sourcecode.swift; path = MapView.swift; sourceTree = "<group>"; };
		F30AE78C257590BC00DAE012 /* CleanerTile.swift */ = {isa = PBXFileReference; lastKnownFileType = sourcecode.swift; path = CleanerTile.swift; sourceTree = "<group>"; };
		F30AE78F2575916400DAE012 /* CleanerTileButton.swift */ = {isa = PBXFileReference; lastKnownFileType = sourcecode.swift; path = CleanerTileButton.swift; sourceTree = "<group>"; };
		F3553E292575EC040023BB96 /* OrderButton.swift */ = {isa = PBXFileReference; fileEncoding = 4; lastKnownFileType = sourcecode.swift; path = OrderButton.swift; sourceTree = "<group>"; };
		F3553E2A2575EC040023BB96 /* WalletButtonUntoggled.swift */ = {isa = PBXFileReference; fileEncoding = 4; lastKnownFileType = sourcecode.swift; path = WalletButtonUntoggled.swift; sourceTree = "<group>"; };
		F3553E2B2575EC040023BB96 /* OrdersButtonToggled.swift */ = {isa = PBXFileReference; fileEncoding = 4; lastKnownFileType = sourcecode.swift; path = OrdersButtonToggled.swift; sourceTree = "<group>"; };
		F3553E2C2575EC040023BB96 /* SettingsButtonToggled.swift */ = {isa = PBXFileReference; fileEncoding = 4; lastKnownFileType = sourcecode.swift; path = SettingsButtonToggled.swift; sourceTree = "<group>"; };
		F3553E2D2575EC040023BB96 /* SettingsButton.swift */ = {isa = PBXFileReference; fileEncoding = 4; lastKnownFileType = sourcecode.swift; path = SettingsButton.swift; sourceTree = "<group>"; };
		F3553E2E2575EC040023BB96 /* HomeButtonUntoggled.swift */ = {isa = PBXFileReference; fileEncoding = 4; lastKnownFileType = sourcecode.swift; path = HomeButtonUntoggled.swift; sourceTree = "<group>"; };
		F3553E2F2575EC040023BB96 /* WalletButtonToggled.swift */ = {isa = PBXFileReference; fileEncoding = 4; lastKnownFileType = sourcecode.swift; path = WalletButtonToggled.swift; sourceTree = "<group>"; };
		F3553E302575EC040023BB96 /* PlusButton.swift */ = {isa = PBXFileReference; fileEncoding = 4; lastKnownFileType = sourcecode.swift; path = PlusButton.swift; sourceTree = "<group>"; };
		F3553E312575EC040023BB96 /* SettingsButtonUntoggled.swift */ = {isa = PBXFileReference; fileEncoding = 4; lastKnownFileType = sourcecode.swift; path = SettingsButtonUntoggled.swift; sourceTree = "<group>"; };
		F3553E322575EC040023BB96 /* NavBar.swift */ = {isa = PBXFileReference; fileEncoding = 4; lastKnownFileType = sourcecode.swift; path = NavBar.swift; sourceTree = "<group>"; };
		F3553E332575EC040023BB96 /* HomeButtonToggled.swift */ = {isa = PBXFileReference; fileEncoding = 4; lastKnownFileType = sourcecode.swift; path = HomeButtonToggled.swift; sourceTree = "<group>"; };
		F3553E342575EC040023BB96 /* WalletButton.swift */ = {isa = PBXFileReference; fileEncoding = 4; lastKnownFileType = sourcecode.swift; path = WalletButton.swift; sourceTree = "<group>"; };
		F3553E352575EC040023BB96 /* HomeButton.swift */ = {isa = PBXFileReference; fileEncoding = 4; lastKnownFileType = sourcecode.swift; path = HomeButton.swift; sourceTree = "<group>"; };
		F3553E362575EC040023BB96 /* OrdersButtonUntoggled.swift */ = {isa = PBXFileReference; fileEncoding = 4; lastKnownFileType = sourcecode.swift; path = OrdersButtonUntoggled.swift; sourceTree = "<group>"; };
/* End PBXFileReference section */

/* Begin PBXFrameworksBuildPhase section */
		862768612574980300A5DE22 /* Frameworks */ = {
			isa = PBXFrameworksBuildPhase;
			buildActionMask = 2147483647;
			files = (
			);
			runOnlyForDeploymentPostprocessing = 0;
		};
/* End PBXFrameworksBuildPhase section */

/* Begin PBXGroup section */
		8627685B2574980300A5DE22 = {
			isa = PBXGroup;
			children = (
				862768662574980300A5DE22 /* Wireframes */,
				862768652574980300A5DE22 /* Products */,
			);
			sourceTree = "<group>";
		};
		862768652574980300A5DE22 /* Products */ = {
			isa = PBXGroup;
			children = (
				862768642574980300A5DE22 /* Wireframes.app */,
			);
			name = Products;
			sourceTree = "<group>";
		};
		862768662574980300A5DE22 /* Wireframes */ = {
			isa = PBXGroup;
			children = (
				862768672574980300A5DE22 /* WireframesApp.swift */,
				862768692574980300A5DE22 /* ContentView.swift */,
				F3553E512575EC8B0023BB96 /* Navigation Bar */,
				F30AE7942575CBC200DAE012 /* Cleaner Tiles */,
				8627686B2574980300A5DE22 /* Assets.xcassets */,
				862768702574980300A5DE22 /* Info.plist */,
				8627686D2574980300A5DE22 /* Preview Content */,
			);
			path = Wireframes;
			sourceTree = "<group>";
		};
		8627686D2574980300A5DE22 /* Preview Content */ = {
			isa = PBXGroup;
			children = (
				8627686E2574980300A5DE22 /* Preview Assets.xcassets */,
			);
			path = "Preview Content";
			sourceTree = "<group>";
		};
		F30AE7942575CBC200DAE012 /* Cleaner Tiles */ = {
			isa = PBXGroup;
			children = (
				F30AE78625758E3C00DAE012 /* CleanerTileText.swift */,
				F30AE78F2575916400DAE012 /* CleanerTileButton.swift */,
				F30AE78C257590BC00DAE012 /* CleanerTile.swift */,
				F30AE78925758E4A00DAE012 /* MapView.swift */,
			);
			path = "Cleaner Tiles";
			sourceTree = "<group>";
		};
		F3553E472575EC260023BB96 /* Home Button */ = {
			isa = PBXGroup;
			children = (
				F3553E352575EC040023BB96 /* HomeButton.swift */,
				F3553E332575EC040023BB96 /* HomeButtonToggled.swift */,
				F3553E2E2575EC040023BB96 /* HomeButtonUntoggled.swift */,
			);
			path = "Home Button";
			sourceTree = "<group>";
		};
		F3553E492575EC2D0023BB96 /* Order Button */ = {
			isa = PBXGroup;
			children = (
				F3553E292575EC040023BB96 /* OrderButton.swift */,
				F3553E2B2575EC040023BB96 /* OrdersButtonToggled.swift */,
				F3553E362575EC040023BB96 /* OrdersButtonUntoggled.swift */,
			);
			path = "Order Button";
			sourceTree = "<group>";
		};
		F3553E4B2575EC350023BB96 /* Settings Button */ = {
			isa = PBXGroup;
			children = (
				F3553E2D2575EC040023BB96 /* SettingsButton.swift */,
				F3553E2C2575EC040023BB96 /* SettingsButtonToggled.swift */,
				F3553E312575EC040023BB96 /* SettingsButtonUntoggled.swift */,
			);
			path = "Settings Button";
			sourceTree = "<group>";
		};
		F3553E4E2575EC450023BB96 /* Wallet Button */ = {
			isa = PBXGroup;
			children = (
				F3553E342575EC040023BB96 /* WalletButton.swift */,
				F3553E2F2575EC040023BB96 /* WalletButtonToggled.swift */,
				F3553E2A2575EC040023BB96 /* WalletButtonUntoggled.swift */,
			);
			path = "Wallet Button";
			sourceTree = "<group>";
		};
		F3553E502575EC4F0023BB96 /* Buttons */ = {
			isa = PBXGroup;
			children = (
				F3553E302575EC040023BB96 /* PlusButton.swift */,
				F3553E472575EC260023BB96 /* Home Button */,
				F3553E492575EC2D0023BB96 /* Order Button */,
				F3553E4B2575EC350023BB96 /* Settings Button */,
				F3553E4E2575EC450023BB96 /* Wallet Button */,
			);
			path = Buttons;
			sourceTree = "<group>";
		};
		F3553E512575EC8B0023BB96 /* Navigation Bar */ = {
			isa = PBXGroup;
			children = (
				F3553E322575EC040023BB96 /* NavBar.swift */,
				F3553E502575EC4F0023BB96 /* Buttons */,
			);
			path = "Navigation Bar";
			sourceTree = "<group>";
		};
/* End PBXGroup section */

/* Begin PBXNativeTarget section */
		862768632574980300A5DE22 /* Wireframes */ = {
			isa = PBXNativeTarget;
			buildConfigurationList = 862768732574980300A5DE22 /* Build configuration list for PBXNativeTarget "Wireframes" */;
			buildPhases = (
				862768602574980300A5DE22 /* Sources */,
				862768612574980300A5DE22 /* Frameworks */,
				862768622574980300A5DE22 /* Resources */,
			);
			buildRules = (
			);
			dependencies = (
			);
			name = Wireframes;
			productName = Wireframes;
			productReference = 862768642574980300A5DE22 /* Wireframes.app */;
			productType = "com.apple.product-type.application";
		};
/* End PBXNativeTarget section */

/* Begin PBXProject section */
		8627685C2574980300A5DE22 /* Project object */ = {
			isa = PBXProject;
			attributes = {
				LastSwiftUpdateCheck = 1220;
				LastUpgradeCheck = 1220;
				TargetAttributes = {
					862768632574980300A5DE22 = {
						CreatedOnToolsVersion = 12.2;
					};
				};
			};
			buildConfigurationList = 8627685F2574980300A5DE22 /* Build configuration list for PBXProject "Wireframes" */;
			compatibilityVersion = "Xcode 9.3";
			developmentRegion = en;
			hasScannedForEncodings = 0;
			knownRegions = (
				en,
				Base,
			);
			mainGroup = 8627685B2574980300A5DE22;
			productRefGroup = 862768652574980300A5DE22 /* Products */;
			projectDirPath = "";
			projectRoot = "";
			targets = (
				862768632574980300A5DE22 /* Wireframes */,
			);
		};
/* End PBXProject section */

/* Begin PBXResourcesBuildPhase section */
		862768622574980300A5DE22 /* Resources */ = {
			isa = PBXResourcesBuildPhase;
			buildActionMask = 2147483647;
			files = (
				8627686F2574980300A5DE22 /* Preview Assets.xcassets in Resources */,
				8627686C2574980300A5DE22 /* Assets.xcassets in Resources */,
			);
			runOnlyForDeploymentPostprocessing = 0;
		};
/* End PBXResourcesBuildPhase section */

/* Begin PBXSourcesBuildPhase section */
		862768602574980300A5DE22 /* Sources */ = {
			isa = PBXSourcesBuildPhase;
			buildActionMask = 2147483647;
			files = (
				F3553E432575EC040023BB96 /* HomeButton.swift in Sources */,
				F3553E422575EC040023BB96 /* WalletButton.swift in Sources */,
				F3553E392575EC040023BB96 /* OrdersButtonToggled.swift in Sources */,
				F3553E402575EC040023BB96 /* NavBar.swift in Sources */,
				F30AE78D257590BC00DAE012 /* CleanerTile.swift in Sources */,
				F3553E3C2575EC040023BB96 /* HomeButtonUntoggled.swift in Sources */,
				F3553E442575EC040023BB96 /* OrdersButtonUntoggled.swift in Sources */,
				8627686A2574980300A5DE22 /* ContentView.swift in Sources */,
				F3553E3F2575EC040023BB96 /* SettingsButtonUntoggled.swift in Sources */,
				F3553E412575EC040023BB96 /* HomeButtonToggled.swift in Sources */,
				F30AE7902575916400DAE012 /* CleanerTileButton.swift in Sources */,
				F30AE78A25758E4A00DAE012 /* MapView.swift in Sources */,
				F3553E382575EC040023BB96 /* WalletButtonUntoggled.swift in Sources */,
				F3553E3D2575EC040023BB96 /* WalletButtonToggled.swift in Sources */,
				F30AE78725758E3C00DAE012 /* CleanerTileText.swift in Sources */,
				F3553E3A2575EC040023BB96 /* SettingsButtonToggled.swift in Sources */,
				F3553E372575EC040023BB96 /* OrderButton.swift in Sources */,
				F3553E3E2575EC040023BB96 /* PlusButton.swift in Sources */,
				F3553E3B2575EC040023BB96 /* SettingsButton.swift in Sources */,
				862768682574980300A5DE22 /* WireframesApp.swift in Sources */,
			);
			runOnlyForDeploymentPostprocessing = 0;
		};
/* End PBXSourcesBuildPhase section */

/* Begin XCBuildConfiguration section */
		862768712574980300A5DE22 /* Debug */ = {
			isa = XCBuildConfiguration;
			buildSettings = {
				ALWAYS_SEARCH_USER_PATHS = NO;
				CLANG_ANALYZER_NONNULL = YES;
				CLANG_ANALYZER_NUMBER_OBJECT_CONVERSION = YES_AGGRESSIVE;
				CLANG_CXX_LANGUAGE_STANDARD = "gnu++14";
				CLANG_CXX_LIBRARY = "libc++";
				CLANG_ENABLE_MODULES = YES;
				CLANG_ENABLE_OBJC_ARC = YES;
				CLANG_ENABLE_OBJC_WEAK = YES;
				CLANG_WARN_BLOCK_CAPTURE_AUTORELEASING = YES;
				CLANG_WARN_BOOL_CONVERSION = YES;
				CLANG_WARN_COMMA = YES;
				CLANG_WARN_CONSTANT_CONVERSION = YES;
				CLANG_WARN_DEPRECATED_OBJC_IMPLEMENTATIONS = YES;
				CLANG_WARN_DIRECT_OBJC_ISA_USAGE = YES_ERROR;
				CLANG_WARN_DOCUMENTATION_COMMENTS = YES;
				CLANG_WARN_EMPTY_BODY = YES;
				CLANG_WARN_ENUM_CONVERSION = YES;
				CLANG_WARN_INFINITE_RECURSION = YES;
				CLANG_WARN_INT_CONVERSION = YES;
				CLANG_WARN_NON_LITERAL_NULL_CONVERSION = YES;
				CLANG_WARN_OBJC_IMPLICIT_RETAIN_SELF = YES;
				CLANG_WARN_OBJC_LITERAL_CONVERSION = YES;
				CLANG_WARN_OBJC_ROOT_CLASS = YES_ERROR;
				CLANG_WARN_QUOTED_INCLUDE_IN_FRAMEWORK_HEADER = YES;
				CLANG_WARN_RANGE_LOOP_ANALYSIS = YES;
				CLANG_WARN_STRICT_PROTOTYPES = YES;
				CLANG_WARN_SUSPICIOUS_MOVE = YES;
				CLANG_WARN_UNGUARDED_AVAILABILITY = YES_AGGRESSIVE;
				CLANG_WARN_UNREACHABLE_CODE = YES;
				CLANG_WARN__DUPLICATE_METHOD_MATCH = YES;
				COPY_PHASE_STRIP = NO;
				DEBUG_INFORMATION_FORMAT = dwarf;
				ENABLE_STRICT_OBJC_MSGSEND = YES;
				ENABLE_TESTABILITY = YES;
				GCC_C_LANGUAGE_STANDARD = gnu11;
				GCC_DYNAMIC_NO_PIC = NO;
				GCC_NO_COMMON_BLOCKS = YES;
				GCC_OPTIMIZATION_LEVEL = 0;
				GCC_PREPROCESSOR_DEFINITIONS = (
					"DEBUG=1",
					"$(inherited)",
				);
				GCC_WARN_64_TO_32_BIT_CONVERSION = YES;
				GCC_WARN_ABOUT_RETURN_TYPE = YES_ERROR;
				GCC_WARN_UNDECLARED_SELECTOR = YES;
				GCC_WARN_UNINITIALIZED_AUTOS = YES_AGGRESSIVE;
				GCC_WARN_UNUSED_FUNCTION = YES;
				GCC_WARN_UNUSED_VARIABLE = YES;
				IPHONEOS_DEPLOYMENT_TARGET = 14.2;
				MTL_ENABLE_DEBUG_INFO = INCLUDE_SOURCE;
				MTL_FAST_MATH = YES;
				ONLY_ACTIVE_ARCH = YES;
				SDKROOT = iphoneos;
				SWIFT_ACTIVE_COMPILATION_CONDITIONS = DEBUG;
				SWIFT_OPTIMIZATION_LEVEL = "-Onone";
			};
			name = Debug;
		};
		862768722574980300A5DE22 /* Release */ = {
			isa = XCBuildConfiguration;
			buildSettings = {
				ALWAYS_SEARCH_USER_PATHS = NO;
				CLANG_ANALYZER_NONNULL = YES;
				CLANG_ANALYZER_NUMBER_OBJECT_CONVERSION = YES_AGGRESSIVE;
				CLANG_CXX_LANGUAGE_STANDARD = "gnu++14";
				CLANG_CXX_LIBRARY = "libc++";
				CLANG_ENABLE_MODULES = YES;
				CLANG_ENABLE_OBJC_ARC = YES;
				CLANG_ENABLE_OBJC_WEAK = YES;
				CLANG_WARN_BLOCK_CAPTURE_AUTORELEASING = YES;
				CLANG_WARN_BOOL_CONVERSION = YES;
				CLANG_WARN_COMMA = YES;
				CLANG_WARN_CONSTANT_CONVERSION = YES;
				CLANG_WARN_DEPRECATED_OBJC_IMPLEMENTATIONS = YES;
				CLANG_WARN_DIRECT_OBJC_ISA_USAGE = YES_ERROR;
				CLANG_WARN_DOCUMENTATION_COMMENTS = YES;
				CLANG_WARN_EMPTY_BODY = YES;
				CLANG_WARN_ENUM_CONVERSION = YES;
				CLANG_WARN_INFINITE_RECURSION = YES;
				CLANG_WARN_INT_CONVERSION = YES;
				CLANG_WARN_NON_LITERAL_NULL_CONVERSION = YES;
				CLANG_WARN_OBJC_IMPLICIT_RETAIN_SELF = YES;
				CLANG_WARN_OBJC_LITERAL_CONVERSION = YES;
				CLANG_WARN_OBJC_ROOT_CLASS = YES_ERROR;
				CLANG_WARN_QUOTED_INCLUDE_IN_FRAMEWORK_HEADER = YES;
				CLANG_WARN_RANGE_LOOP_ANALYSIS = YES;
				CLANG_WARN_STRICT_PROTOTYPES = YES;
				CLANG_WARN_SUSPICIOUS_MOVE = YES;
				CLANG_WARN_UNGUARDED_AVAILABILITY = YES_AGGRESSIVE;
				CLANG_WARN_UNREACHABLE_CODE = YES;
				CLANG_WARN__DUPLICATE_METHOD_MATCH = YES;
				COPY_PHASE_STRIP = NO;
				DEBUG_INFORMATION_FORMAT = "dwarf-with-dsym";
				ENABLE_NS_ASSERTIONS = NO;
				ENABLE_STRICT_OBJC_MSGSEND = YES;
				GCC_C_LANGUAGE_STANDARD = gnu11;
				GCC_NO_COMMON_BLOCKS = YES;
				GCC_WARN_64_TO_32_BIT_CONVERSION = YES;
				GCC_WARN_ABOUT_RETURN_TYPE = YES_ERROR;
				GCC_WARN_UNDECLARED_SELECTOR = YES;
				GCC_WARN_UNINITIALIZED_AUTOS = YES_AGGRESSIVE;
				GCC_WARN_UNUSED_FUNCTION = YES;
				GCC_WARN_UNUSED_VARIABLE = YES;
				IPHONEOS_DEPLOYMENT_TARGET = 14.2;
				MTL_ENABLE_DEBUG_INFO = NO;
				MTL_FAST_MATH = YES;
				SDKROOT = iphoneos;
				SWIFT_COMPILATION_MODE = wholemodule;
				SWIFT_OPTIMIZATION_LEVEL = "-O";
				VALIDATE_PRODUCT = YES;
			};
			name = Release;
		};
		862768742574980300A5DE22 /* Debug */ = {
			isa = XCBuildConfiguration;
			buildSettings = {
				ASSETCATALOG_COMPILER_APPICON_NAME = AppIcon;
				ASSETCATALOG_COMPILER_GLOBAL_ACCENT_COLOR_NAME = AccentColor;
				CODE_SIGN_STYLE = Automatic;
				DEVELOPMENT_ASSET_PATHS = "\"Wireframes/Preview Content\"";
				ENABLE_PREVIEWS = YES;
				INFOPLIST_FILE = Wireframes/Info.plist;
				IPHONEOS_DEPLOYMENT_TARGET = 14.0;
				LD_RUNPATH_SEARCH_PATHS = (
					"$(inherited)",
					"@executable_path/Frameworks",
				);
				PRODUCT_BUNDLE_IDENTIFIER = com.gavinmccabe.Wireframes;
				PRODUCT_NAME = "$(TARGET_NAME)";
				SWIFT_VERSION = 5.0;
				TARGETED_DEVICE_FAMILY = "1,2";
			};
			name = Debug;
		};
		862768752574980300A5DE22 /* Release */ = {
			isa = XCBuildConfiguration;
			buildSettings = {
				ASSETCATALOG_COMPILER_APPICON_NAME = AppIcon;
				ASSETCATALOG_COMPILER_GLOBAL_ACCENT_COLOR_NAME = AccentColor;
				CODE_SIGN_STYLE = Automatic;
				DEVELOPMENT_ASSET_PATHS = "\"Wireframes/Preview Content\"";
				ENABLE_PREVIEWS = YES;
				INFOPLIST_FILE = Wireframes/Info.plist;
				IPHONEOS_DEPLOYMENT_TARGET = 14.0;
				LD_RUNPATH_SEARCH_PATHS = (
					"$(inherited)",
					"@executable_path/Frameworks",
				);
				PRODUCT_BUNDLE_IDENTIFIER = com.gavinmccabe.Wireframes;
				PRODUCT_NAME = "$(TARGET_NAME)";
				SWIFT_VERSION = 5.0;
				TARGETED_DEVICE_FAMILY = "1,2";
			};
			name = Release;
		};
/* End XCBuildConfiguration section */

/* Begin XCConfigurationList section */
		8627685F2574980300A5DE22 /* Build configuration list for PBXProject "Wireframes" */ = {
			isa = XCConfigurationList;
			buildConfigurations = (
				862768712574980300A5DE22 /* Debug */,
				862768722574980300A5DE22 /* Release */,
			);
			defaultConfigurationIsVisible = 0;
			defaultConfigurationName = Release;
		};
		862768732574980300A5DE22 /* Build configuration list for PBXNativeTarget "Wireframes" */ = {
			isa = XCConfigurationList;
			buildConfigurations = (
				862768742574980300A5DE22 /* Debug */,
				862768752574980300A5DE22 /* Release */,
			);
			defaultConfigurationIsVisible = 0;
			defaultConfigurationName = Release;
		};
/* End XCConfigurationList section */
	};
	rootObject = 8627685C2574980300A5DE22 /* Project object */;
}
