// !$*UTF8*$!
{
	archiveVersion = 1;
	classes = {
	};
	objectVersion = 50;
	objects = {

/* Begin PBXBuildFile section */
		86A56DA325744AED0095E257 /* SearchBar.swift in Sources */ = {isa = PBXBuildFile; fileRef = 86A56DA225744AED0095E257 /* SearchBar.swift */; };
		86A56DA625744D9C0095E257 /* BackButton.swift in Sources */ = {isa = PBXBuildFile; fileRef = 86A56DA525744D9C0095E257 /* BackButton.swift */; };
		F30AE74625743A2F00DAE012 /* ToggleTile.swift in Sources */ = {isa = PBXBuildFile; fileRef = F30AE74525743A2F00DAE012 /* ToggleTile.swift */; };
		F30AE74B25743C7C00DAE012 /* ToggleTileToggled.swift in Sources */ = {isa = PBXBuildFile; fileRef = F30AE74A25743C7C00DAE012 /* ToggleTileToggled.swift */; };
		F30AE74E257442BC00DAE012 /* ToggleTileNotToggled.swift in Sources */ = {isa = PBXBuildFile; fileRef = F30AE74D257442BC00DAE012 /* ToggleTileNotToggled.swift */; };
		F3A94DC92574379700F9D05D /* doesntmatterApp.swift in Sources */ = {isa = PBXBuildFile; fileRef = F3A94DC82574379700F9D05D /* doesntmatterApp.swift */; };
		F3A94DCB2574379700F9D05D /* ContentView.swift in Sources */ = {isa = PBXBuildFile; fileRef = F3A94DCA2574379700F9D05D /* ContentView.swift */; };
		F3A94DCD2574379B00F9D05D /* Assets.xcassets in Resources */ = {isa = PBXBuildFile; fileRef = F3A94DCC2574379B00F9D05D /* Assets.xcassets */; };
		F3A94DD02574379B00F9D05D /* Preview Assets.xcassets in Resources */ = {isa = PBXBuildFile; fileRef = F3A94DCF2574379B00F9D05D /* Preview Assets.xcassets */; };
/* End PBXBuildFile section */

/* Begin PBXFileReference section */
		86A56DA225744AED0095E257 /* SearchBar.swift */ = {isa = PBXFileReference; lastKnownFileType = sourcecode.swift; path = SearchBar.swift; sourceTree = "<group>"; };
		86A56DA525744D9C0095E257 /* BackButton.swift */ = {isa = PBXFileReference; lastKnownFileType = sourcecode.swift; path = BackButton.swift; sourceTree = "<group>"; };
		F30AE74525743A2F00DAE012 /* ToggleTile.swift */ = {isa = PBXFileReference; lastKnownFileType = sourcecode.swift; path = ToggleTile.swift; sourceTree = "<group>"; };
		F30AE74A25743C7C00DAE012 /* ToggleTileToggled.swift */ = {isa = PBXFileReference; lastKnownFileType = sourcecode.swift; path = ToggleTileToggled.swift; sourceTree = "<group>"; };
		F30AE74D257442BC00DAE012 /* ToggleTileNotToggled.swift */ = {isa = PBXFileReference; lastKnownFileType = sourcecode.swift; path = ToggleTileNotToggled.swift; sourceTree = "<group>"; };
		F3A94DC52574379700F9D05D /* doesntmatter.app */ = {isa = PBXFileReference; explicitFileType = wrapper.application; includeInIndex = 0; path = doesntmatter.app; sourceTree = BUILT_PRODUCTS_DIR; };
		F3A94DC82574379700F9D05D /* doesntmatterApp.swift */ = {isa = PBXFileReference; lastKnownFileType = sourcecode.swift; path = doesntmatterApp.swift; sourceTree = "<group>"; };
		F3A94DCA2574379700F9D05D /* ContentView.swift */ = {isa = PBXFileReference; lastKnownFileType = sourcecode.swift; path = ContentView.swift; sourceTree = "<group>"; };
		F3A94DCC2574379B00F9D05D /* Assets.xcassets */ = {isa = PBXFileReference; lastKnownFileType = folder.assetcatalog; path = Assets.xcassets; sourceTree = "<group>"; };
		F3A94DCF2574379B00F9D05D /* Preview Assets.xcassets */ = {isa = PBXFileReference; lastKnownFileType = folder.assetcatalog; path = "Preview Assets.xcassets"; sourceTree = "<group>"; };
		F3A94DD12574379B00F9D05D /* Info.plist */ = {isa = PBXFileReference; lastKnownFileType = text.plist.xml; path = Info.plist; sourceTree = "<group>"; };
/* End PBXFileReference section */

/* Begin PBXFrameworksBuildPhase section */
		F3A94DC22574379700F9D05D /* Frameworks */ = {
			isa = PBXFrameworksBuildPhase;
			buildActionMask = 2147483647;
			files = (
			);
			runOnlyForDeploymentPostprocessing = 0;
		};
/* End PBXFrameworksBuildPhase section */

/* Begin PBXGroup section */
		F3A94DBC2574379700F9D05D = {
			isa = PBXGroup;
			children = (
				F3A94DC72574379700F9D05D /* doesntmatter */,
				F3A94DC62574379700F9D05D /* Products */,
			);
			sourceTree = "<group>";
		};
		F3A94DC62574379700F9D05D /* Products */ = {
			isa = PBXGroup;
			children = (
				F3A94DC52574379700F9D05D /* doesntmatter.app */,
			);
			name = Products;
			sourceTree = "<group>";
		};
		F3A94DC72574379700F9D05D /* doesntmatter */ = {
			isa = PBXGroup;
			children = (
				F3A94DC82574379700F9D05D /* doesntmatterApp.swift */,
				F3A94DCA2574379700F9D05D /* ContentView.swift */,
				86A56DA225744AED0095E257 /* SearchBar.swift */,
				F30AE74525743A2F00DAE012 /* ToggleTile.swift */,
				86A56DA525744D9C0095E257 /* BackButton.swift */,
				F30AE74A25743C7C00DAE012 /* ToggleTileToggled.swift */,
				F30AE74D257442BC00DAE012 /* ToggleTileNotToggled.swift */,
				F3A94DCC2574379B00F9D05D /* Assets.xcassets */,
				F3A94DD12574379B00F9D05D /* Info.plist */,
				F3A94DCE2574379B00F9D05D /* Preview Content */,
			);
			path = doesntmatter;
			sourceTree = "<group>";
		};
		F3A94DCE2574379B00F9D05D /* Preview Content */ = {
			isa = PBXGroup;
			children = (
				F3A94DCF2574379B00F9D05D /* Preview Assets.xcassets */,
			);
			path = "Preview Content";
			sourceTree = "<group>";
		};
/* End PBXGroup section */

/* Begin PBXNativeTarget section */
		F3A94DC42574379700F9D05D /* doesntmatter */ = {
			isa = PBXNativeTarget;
			buildConfigurationList = F3A94DD42574379B00F9D05D /* Build configuration list for PBXNativeTarget "doesntmatter" */;
			buildPhases = (
				F3A94DC12574379700F9D05D /* Sources */,
				F3A94DC22574379700F9D05D /* Frameworks */,
				F3A94DC32574379700F9D05D /* Resources */,
			);
			buildRules = (
			);
			dependencies = (
			);
			name = doesntmatter;
			productName = doesntmatter;
			productReference = F3A94DC52574379700F9D05D /* doesntmatter.app */;
			productType = "com.apple.product-type.application";
		};
/* End PBXNativeTarget section */

/* Begin PBXProject section */
		F3A94DBD2574379700F9D05D /* Project object */ = {
			isa = PBXProject;
			attributes = {
				LastSwiftUpdateCheck = 1220;
				LastUpgradeCheck = 1220;
				TargetAttributes = {
					F3A94DC42574379700F9D05D = {
						CreatedOnToolsVersion = 12.2;
					};
				};
			};
			buildConfigurationList = F3A94DC02574379700F9D05D /* Build configuration list for PBXProject "doesntmatter" */;
			compatibilityVersion = "Xcode 9.3";
			developmentRegion = en;
			hasScannedForEncodings = 0;
			knownRegions = (
				en,
				Base,
			);
			mainGroup = F3A94DBC2574379700F9D05D;
			productRefGroup = F3A94DC62574379700F9D05D /* Products */;
			projectDirPath = "";
			projectRoot = "";
			targets = (
				F3A94DC42574379700F9D05D /* doesntmatter */,
			);
		};
/* End PBXProject section */

/* Begin PBXResourcesBuildPhase section */
		F3A94DC32574379700F9D05D /* Resources */ = {
			isa = PBXResourcesBuildPhase;
			buildActionMask = 2147483647;
			files = (
				F3A94DD02574379B00F9D05D /* Preview Assets.xcassets in Resources */,
				F3A94DCD2574379B00F9D05D /* Assets.xcassets in Resources */,
			);
			runOnlyForDeploymentPostprocessing = 0;
		};
/* End PBXResourcesBuildPhase section */

/* Begin PBXSourcesBuildPhase section */
		F3A94DC12574379700F9D05D /* Sources */ = {
			isa = PBXSourcesBuildPhase;
			buildActionMask = 2147483647;
			files = (
				F30AE74B25743C7C00DAE012 /* ToggleTileToggled.swift in Sources */,
				F30AE74E257442BC00DAE012 /* ToggleTileNotToggled.swift in Sources */,
				F30AE74625743A2F00DAE012 /* ToggleTile.swift in Sources */,
				F3A94DCB2574379700F9D05D /* ContentView.swift in Sources */,
				F3A94DC92574379700F9D05D /* doesntmatterApp.swift in Sources */,
				86A56DA625744D9C0095E257 /* BackButton.swift in Sources */,
				86A56DA325744AED0095E257 /* SearchBar.swift in Sources */,
			);
			runOnlyForDeploymentPostprocessing = 0;
		};
/* End PBXSourcesBuildPhase section */

/* Begin XCBuildConfiguration section */
		F3A94DD22574379B00F9D05D /* Debug */ = {
			isa = XCBuildConfiguration;
			buildSettings = {
				ALWAYS_SEARCH_USER_PATHS = NO;
				CLANG_ANALYZER_NONNULL = YES;
				CLANG_ANALYZER_NUMBER_OBJECT_CONVERSION = YES_AGGRESSIVE;
				CLANG_CXX_LANGUAGE_STANDARD = "gnu++14";
				CLANG_CXX_LIBRARY = "libc++";
				CLANG_ENABLE_MODULES = YES;
				CLANG_ENABLE_OBJC_ARC = YES;
				CLANG_ENABLE_OBJC_WEAK = YES;
				CLANG_WARN_BLOCK_CAPTURE_AUTORELEASING = YES;
				CLANG_WARN_BOOL_CONVERSION = YES;
				CLANG_WARN_COMMA = YES;
				CLANG_WARN_CONSTANT_CONVERSION = YES;
				CLANG_WARN_DEPRECATED_OBJC_IMPLEMENTATIONS = YES;
				CLANG_WARN_DIRECT_OBJC_ISA_USAGE = YES_ERROR;
				CLANG_WARN_DOCUMENTATION_COMMENTS = YES;
				CLANG_WARN_EMPTY_BODY = YES;
				CLANG_WARN_ENUM_CONVERSION = YES;
				CLANG_WARN_INFINITE_RECURSION = YES;
				CLANG_WARN_INT_CONVERSION = YES;
				CLANG_WARN_NON_LITERAL_NULL_CONVERSION = YES;
				CLANG_WARN_OBJC_IMPLICIT_RETAIN_SELF = YES;
				CLANG_WARN_OBJC_LITERAL_CONVERSION = YES;
				CLANG_WARN_OBJC_ROOT_CLASS = YES_ERROR;
				CLANG_WARN_QUOTED_INCLUDE_IN_FRAMEWORK_HEADER = YES;
				CLANG_WARN_RANGE_LOOP_ANALYSIS = YES;
				CLANG_WARN_STRICT_PROTOTYPES = YES;
				CLANG_WARN_SUSPICIOUS_MOVE = YES;
				CLANG_WARN_UNGUARDED_AVAILABILITY = YES_AGGRESSIVE;
				CLANG_WARN_UNREACHABLE_CODE = YES;
				CLANG_WARN__DUPLICATE_METHOD_MATCH = YES;
				COPY_PHASE_STRIP = NO;
				DEBUG_INFORMATION_FORMAT = dwarf;
				ENABLE_STRICT_OBJC_MSGSEND = YES;
				ENABLE_TESTABILITY = YES;
				GCC_C_LANGUAGE_STANDARD = gnu11;
				GCC_DYNAMIC_NO_PIC = NO;
				GCC_NO_COMMON_BLOCKS = YES;
				GCC_OPTIMIZATION_LEVEL = 0;
				GCC_PREPROCESSOR_DEFINITIONS = (
					"DEBUG=1",
					"$(inherited)",
				);
				GCC_WARN_64_TO_32_BIT_CONVERSION = YES;
				GCC_WARN_ABOUT_RETURN_TYPE = YES_ERROR;
				GCC_WARN_UNDECLARED_SELECTOR = YES;
				GCC_WARN_UNINITIALIZED_AUTOS = YES_AGGRESSIVE;
				GCC_WARN_UNUSED_FUNCTION = YES;
				GCC_WARN_UNUSED_VARIABLE = YES;
				IPHONEOS_DEPLOYMENT_TARGET = 14.2;
				MTL_ENABLE_DEBUG_INFO = INCLUDE_SOURCE;
				MTL_FAST_MATH = YES;
				ONLY_ACTIVE_ARCH = YES;
				SDKROOT = iphoneos;
				SWIFT_ACTIVE_COMPILATION_CONDITIONS = DEBUG;
				SWIFT_OPTIMIZATION_LEVEL = "-Onone";
			};
			name = Debug;
		};
		F3A94DD32574379B00F9D05D /* Release */ = {
			isa = XCBuildConfiguration;
			buildSettings = {
				ALWAYS_SEARCH_USER_PATHS = NO;
				CLANG_ANALYZER_NONNULL = YES;
				CLANG_ANALYZER_NUMBER_OBJECT_CONVERSION = YES_AGGRESSIVE;
				CLANG_CXX_LANGUAGE_STANDARD = "gnu++14";
				CLANG_CXX_LIBRARY = "libc++";
				CLANG_ENABLE_MODULES = YES;
				CLANG_ENABLE_OBJC_ARC = YES;
				CLANG_ENABLE_OBJC_WEAK = YES;
				CLANG_WARN_BLOCK_CAPTURE_AUTORELEASING = YES;
				CLANG_WARN_BOOL_CONVERSION = YES;
				CLANG_WARN_COMMA = YES;
				CLANG_WARN_CONSTANT_CONVERSION = YES;
				CLANG_WARN_DEPRECATED_OBJC_IMPLEMENTATIONS = YES;
				CLANG_WARN_DIRECT_OBJC_ISA_USAGE = YES_ERROR;
				CLANG_WARN_DOCUMENTATION_COMMENTS = YES;
				CLANG_WARN_EMPTY_BODY = YES;
				CLANG_WARN_ENUM_CONVERSION = YES;
				CLANG_WARN_INFINITE_RECURSION = YES;
				CLANG_WARN_INT_CONVERSION = YES;
				CLANG_WARN_NON_LITERAL_NULL_CONVERSION = YES;
				CLANG_WARN_OBJC_IMPLICIT_RETAIN_SELF = YES;
				CLANG_WARN_OBJC_LITERAL_CONVERSION = YES;
				CLANG_WARN_OBJC_ROOT_CLASS = YES_ERROR;
				CLANG_WARN_QUOTED_INCLUDE_IN_FRAMEWORK_HEADER = YES;
				CLANG_WARN_RANGE_LOOP_ANALYSIS = YES;
				CLANG_WARN_STRICT_PROTOTYPES = YES;
				CLANG_WARN_SUSPICIOUS_MOVE = YES;
				CLANG_WARN_UNGUARDED_AVAILABILITY = YES_AGGRESSIVE;
				CLANG_WARN_UNREACHABLE_CODE = YES;
				CLANG_WARN__DUPLICATE_METHOD_MATCH = YES;
				COPY_PHASE_STRIP = NO;
				DEBUG_INFORMATION_FORMAT = "dwarf-with-dsym";
				ENABLE_NS_ASSERTIONS = NO;
				ENABLE_STRICT_OBJC_MSGSEND = YES;
				GCC_C_LANGUAGE_STANDARD = gnu11;
				GCC_NO_COMMON_BLOCKS = YES;
				GCC_WARN_64_TO_32_BIT_CONVERSION = YES;
				GCC_WARN_ABOUT_RETURN_TYPE = YES_ERROR;
				GCC_WARN_UNDECLARED_SELECTOR = YES;
				GCC_WARN_UNINITIALIZED_AUTOS = YES_AGGRESSIVE;
				GCC_WARN_UNUSED_FUNCTION = YES;
				GCC_WARN_UNUSED_VARIABLE = YES;
				IPHONEOS_DEPLOYMENT_TARGET = 14.2;
				MTL_ENABLE_DEBUG_INFO = NO;
				MTL_FAST_MATH = YES;
				SDKROOT = iphoneos;
				SWIFT_COMPILATION_MODE = wholemodule;
				SWIFT_OPTIMIZATION_LEVEL = "-O";
				VALIDATE_PRODUCT = YES;
			};
			name = Release;
		};
		F3A94DD52574379B00F9D05D /* Debug */ = {
			isa = XCBuildConfiguration;
			buildSettings = {
				ASSETCATALOG_COMPILER_APPICON_NAME = AppIcon;
				ASSETCATALOG_COMPILER_GLOBAL_ACCENT_COLOR_NAME = AccentColor;
				CODE_SIGN_STYLE = Automatic;
				DEVELOPMENT_ASSET_PATHS = "\"doesntmatter/Preview Content\"";
				ENABLE_PREVIEWS = YES;
				INFOPLIST_FILE = doesntmatter/Info.plist;
				IPHONEOS_DEPLOYMENT_TARGET = 14.0;
				LD_RUNPATH_SEARCH_PATHS = (
					"$(inherited)",
					"@executable_path/Frameworks",
				);
				PRODUCT_BUNDLE_IDENTIFIER = com.Jminding.doesntmatter;
				PRODUCT_NAME = "$(TARGET_NAME)";
				SWIFT_VERSION = 5.0;
				TARGETED_DEVICE_FAMILY = "1,2";
			};
			name = Debug;
		};
		F3A94DD62574379B00F9D05D /* Release */ = {
			isa = XCBuildConfiguration;
			buildSettings = {
				ASSETCATALOG_COMPILER_APPICON_NAME = AppIcon;
				ASSETCATALOG_COMPILER_GLOBAL_ACCENT_COLOR_NAME = AccentColor;
				CODE_SIGN_STYLE = Automatic;
				DEVELOPMENT_ASSET_PATHS = "\"doesntmatter/Preview Content\"";
				ENABLE_PREVIEWS = YES;
				INFOPLIST_FILE = doesntmatter/Info.plist;
				IPHONEOS_DEPLOYMENT_TARGET = 14.0;
				LD_RUNPATH_SEARCH_PATHS = (
					"$(inherited)",
					"@executable_path/Frameworks",
				);
				PRODUCT_BUNDLE_IDENTIFIER = com.Jminding.doesntmatter;
				PRODUCT_NAME = "$(TARGET_NAME)";
				SWIFT_VERSION = 5.0;
				TARGETED_DEVICE_FAMILY = "1,2";
			};
			name = Release;
		};
/* End XCBuildConfiguration section */

/* Begin XCConfigurationList section */
		F3A94DC02574379700F9D05D /* Build configuration list for PBXProject "doesntmatter" */ = {
			isa = XCConfigurationList;
			buildConfigurations = (
				F3A94DD22574379B00F9D05D /* Debug */,
				F3A94DD32574379B00F9D05D /* Release */,
			);
			defaultConfigurationIsVisible = 0;
			defaultConfigurationName = Release;
		};
		F3A94DD42574379B00F9D05D /* Build configuration list for PBXNativeTarget "doesntmatter" */ = {
			isa = XCConfigurationList;
			buildConfigurations = (
				F3A94DD52574379B00F9D05D /* Debug */,
				F3A94DD62574379B00F9D05D /* Release */,
			);
			defaultConfigurationIsVisible = 0;
			defaultConfigurationName = Release;
		};
/* End XCConfigurationList section */
	};
	rootObject = F3A94DBD2574379700F9D05D /* Project object */;
}
