// !$*UTF8*$!
{
	archiveVersion = 1;
	classes = {
	};
	objectVersion = 50;
	objects = {

/* Begin PBXBuildFile section */
		F30AE7A42575CD2000DAE012 /* WireframeNavBarApp.swift in Sources */ = {isa = PBXBuildFile; fileRef = F30AE7A32575CD2000DAE012 /* WireframeNavBarApp.swift */; };
		F30AE7A62575CD2000DAE012 /* ContentView.swift in Sources */ = {isa = PBXBuildFile; fileRef = F30AE7A52575CD2000DAE012 /* ContentView.swift */; };
		F30AE7A82575CD2200DAE012 /* Assets.xcassets in Resources */ = {isa = PBXBuildFile; fileRef = F30AE7A72575CD2200DAE012 /* Assets.xcassets */; };
		F30AE7AB2575CD2200DAE012 /* Preview Assets.xcassets in Resources */ = {isa = PBXBuildFile; fileRef = F30AE7AA2575CD2200DAE012 /* Preview Assets.xcassets */; };
		F30AE7B42575CD4800DAE012 /* HomeButtonUntoggled.swift in Sources */ = {isa = PBXBuildFile; fileRef = F30AE7B32575CD4800DAE012 /* HomeButtonUntoggled.swift */; };
		F30AE7B82575CFE700DAE012 /* HomeButtonToggled.swift in Sources */ = {isa = PBXBuildFile; fileRef = F30AE7B72575CFE700DAE012 /* HomeButtonToggled.swift */; };
		F30AE7BB2575D14D00DAE012 /* HomeButton.swift in Sources */ = {isa = PBXBuildFile; fileRef = F30AE7BA2575D14D00DAE012 /* HomeButton.swift */; };
		F30AE7C22575D39300DAE012 /* OrdersButtonUntoggled.swift in Sources */ = {isa = PBXBuildFile; fileRef = F30AE7C12575D39300DAE012 /* OrdersButtonUntoggled.swift */; };
		F30AE7C52575D39C00DAE012 /* OrdersButtonToggled.swift in Sources */ = {isa = PBXBuildFile; fileRef = F30AE7C42575D39C00DAE012 /* OrdersButtonToggled.swift */; };
		F30AE7C82575D3A100DAE012 /* OrderButton.swift in Sources */ = {isa = PBXBuildFile; fileRef = F30AE7C72575D3A100DAE012 /* OrderButton.swift */; };
		F30AE7CD2575DFE100DAE012 /* SettingsButtonUntoggled.swift in Sources */ = {isa = PBXBuildFile; fileRef = F30AE7CC2575DFE000DAE012 /* SettingsButtonUntoggled.swift */; };
		F30AE7D12575DFF800DAE012 /* SettingsButtonToggled.swift in Sources */ = {isa = PBXBuildFile; fileRef = F30AE7D02575DFF800DAE012 /* SettingsButtonToggled.swift */; };
		F30AE7D52575E00800DAE012 /* SettingsButton.swift in Sources */ = {isa = PBXBuildFile; fileRef = F30AE7D42575E00800DAE012 /* SettingsButton.swift */; };
/* End PBXBuildFile section */

/* Begin PBXFileReference section */
		F30AE7A02575CD2000DAE012 /* WireframeNavBar.app */ = {isa = PBXFileReference; explicitFileType = wrapper.application; includeInIndex = 0; path = WireframeNavBar.app; sourceTree = BUILT_PRODUCTS_DIR; };
		F30AE7A32575CD2000DAE012 /* WireframeNavBarApp.swift */ = {isa = PBXFileReference; lastKnownFileType = sourcecode.swift; path = WireframeNavBarApp.swift; sourceTree = "<group>"; };
		F30AE7A52575CD2000DAE012 /* ContentView.swift */ = {isa = PBXFileReference; lastKnownFileType = sourcecode.swift; path = ContentView.swift; sourceTree = "<group>"; };
		F30AE7A72575CD2200DAE012 /* Assets.xcassets */ = {isa = PBXFileReference; lastKnownFileType = folder.assetcatalog; path = Assets.xcassets; sourceTree = "<group>"; };
		F30AE7AA2575CD2200DAE012 /* Preview Assets.xcassets */ = {isa = PBXFileReference; lastKnownFileType = folder.assetcatalog; path = "Preview Assets.xcassets"; sourceTree = "<group>"; };
		F30AE7AC2575CD2200DAE012 /* Info.plist */ = {isa = PBXFileReference; lastKnownFileType = text.plist.xml; path = Info.plist; sourceTree = "<group>"; };
		F30AE7B32575CD4800DAE012 /* HomeButtonUntoggled.swift */ = {isa = PBXFileReference; lastKnownFileType = sourcecode.swift; path = HomeButtonUntoggled.swift; sourceTree = "<group>"; };
		F30AE7B72575CFE700DAE012 /* HomeButtonToggled.swift */ = {isa = PBXFileReference; lastKnownFileType = sourcecode.swift; path = HomeButtonToggled.swift; sourceTree = "<group>"; };
		F30AE7BA2575D14D00DAE012 /* HomeButton.swift */ = {isa = PBXFileReference; lastKnownFileType = sourcecode.swift; path = HomeButton.swift; sourceTree = "<group>"; };
		F30AE7C12575D39300DAE012 /* OrdersButtonUntoggled.swift */ = {isa = PBXFileReference; lastKnownFileType = sourcecode.swift; path = OrdersButtonUntoggled.swift; sourceTree = "<group>"; };
		F30AE7C42575D39C00DAE012 /* OrdersButtonToggled.swift */ = {isa = PBXFileReference; lastKnownFileType = sourcecode.swift; path = OrdersButtonToggled.swift; sourceTree = "<group>"; };
		F30AE7C72575D3A100DAE012 /* OrderButton.swift */ = {isa = PBXFileReference; lastKnownFileType = sourcecode.swift; path = OrderButton.swift; sourceTree = "<group>"; };
		F30AE7CC2575DFE000DAE012 /* SettingsButtonUntoggled.swift */ = {isa = PBXFileReference; lastKnownFileType = sourcecode.swift; path = SettingsButtonUntoggled.swift; sourceTree = "<group>"; };
		F30AE7D02575DFF800DAE012 /* SettingsButtonToggled.swift */ = {isa = PBXFileReference; lastKnownFileType = sourcecode.swift; path = SettingsButtonToggled.swift; sourceTree = "<group>"; };
		F30AE7D42575E00800DAE012 /* SettingsButton.swift */ = {isa = PBXFileReference; lastKnownFileType = sourcecode.swift; path = SettingsButton.swift; sourceTree = "<group>"; };
/* End PBXFileReference section */

/* Begin PBXFrameworksBuildPhase section */
		F30AE79D2575CD2000DAE012 /* Frameworks */ = {
			isa = PBXFrameworksBuildPhase;
			buildActionMask = 2147483647;
			files = (
			);
			runOnlyForDeploymentPostprocessing = 0;
		};
/* End PBXFrameworksBuildPhase section */

/* Begin PBXGroup section */
		F30AE7972575CD2000DAE012 = {
			isa = PBXGroup;
			children = (
				F30AE7A22575CD2000DAE012 /* WireframeNavBar */,
				F30AE7A12575CD2000DAE012 /* Products */,
			);
			sourceTree = "<group>";
		};
		F30AE7A12575CD2000DAE012 /* Products */ = {
			isa = PBXGroup;
			children = (
				F30AE7A02575CD2000DAE012 /* WireframeNavBar.app */,
			);
			name = Products;
			sourceTree = "<group>";
		};
		F30AE7A22575CD2000DAE012 /* WireframeNavBar */ = {
			isa = PBXGroup;
			children = (
				F30AE7A32575CD2000DAE012 /* WireframeNavBarApp.swift */,
				F30AE7A52575CD2000DAE012 /* ContentView.swift */,
				F30AE7D72575E00F00DAE012 /* Settings Button */,
				F30AE7CA2575D3E100DAE012 /* Order Buttons */,
				F30AE7BD2575D1D100DAE012 /* Home Button */,
				F30AE7A72575CD2200DAE012 /* Assets.xcassets */,
				F30AE7AC2575CD2200DAE012 /* Info.plist */,
				F30AE7A92575CD2200DAE012 /* Preview Content */,
			);
			path = WireframeNavBar;
			sourceTree = "<group>";
		};
		F30AE7A92575CD2200DAE012 /* Preview Content */ = {
			isa = PBXGroup;
			children = (
				F30AE7AA2575CD2200DAE012 /* Preview Assets.xcassets */,
			);
			path = "Preview Content";
			sourceTree = "<group>";
		};
		F30AE7BD2575D1D100DAE012 /* Home Button */ = {
			isa = PBXGroup;
			children = (
				F30AE7BA2575D14D00DAE012 /* HomeButton.swift */,
				F30AE7B72575CFE700DAE012 /* HomeButtonToggled.swift */,
				F30AE7B32575CD4800DAE012 /* HomeButtonUntoggled.swift */,
			);
			path = "Home Button";
			sourceTree = "<group>";
		};
		F30AE7CA2575D3E100DAE012 /* Order Buttons */ = {
			isa = PBXGroup;
			children = (
				F30AE7C72575D3A100DAE012 /* OrderButton.swift */,
				F30AE7C42575D39C00DAE012 /* OrdersButtonToggled.swift */,
				F30AE7C12575D39300DAE012 /* OrdersButtonUntoggled.swift */,
			);
			path = "Order Buttons";
			sourceTree = "<group>";
		};
		F30AE7D72575E00F00DAE012 /* Settings Button */ = {
			isa = PBXGroup;
			children = (
				F30AE7D42575E00800DAE012 /* SettingsButton.swift */,
				F30AE7D02575DFF800DAE012 /* SettingsButtonToggled.swift */,
				F30AE7CC2575DFE000DAE012 /* SettingsButtonUntoggled.swift */,
			);
			path = "Settings Button";
			sourceTree = "<group>";
		};
/* End PBXGroup section */

/* Begin PBXNativeTarget section */
		F30AE79F2575CD2000DAE012 /* WireframeNavBar */ = {
			isa = PBXNativeTarget;
			buildConfigurationList = F30AE7AF2575CD2200DAE012 /* Build configuration list for PBXNativeTarget "WireframeNavBar" */;
			buildPhases = (
				F30AE79C2575CD2000DAE012 /* Sources */,
				F30AE79D2575CD2000DAE012 /* Frameworks */,
				F30AE79E2575CD2000DAE012 /* Resources */,
			);
			buildRules = (
			);
			dependencies = (
			);
			name = WireframeNavBar;
			productName = WireframeNavBar;
			productReference = F30AE7A02575CD2000DAE012 /* WireframeNavBar.app */;
			productType = "com.apple.product-type.application";
		};
/* End PBXNativeTarget section */

/* Begin PBXProject section */
		F30AE7982575CD2000DAE012 /* Project object */ = {
			isa = PBXProject;
			attributes = {
				LastSwiftUpdateCheck = 1220;
				LastUpgradeCheck = 1220;
				TargetAttributes = {
					F30AE79F2575CD2000DAE012 = {
						CreatedOnToolsVersion = 12.2;
					};
				};
			};
			buildConfigurationList = F30AE79B2575CD2000DAE012 /* Build configuration list for PBXProject "WireframeNavBar" */;
			compatibilityVersion = "Xcode 9.3";
			developmentRegion = en;
			hasScannedForEncodings = 0;
			knownRegions = (
				en,
				Base,
			);
			mainGroup = F30AE7972575CD2000DAE012;
			productRefGroup = F30AE7A12575CD2000DAE012 /* Products */;
			projectDirPath = "";
			projectRoot = "";
			targets = (
				F30AE79F2575CD2000DAE012 /* WireframeNavBar */,
			);
		};
/* End PBXProject section */

/* Begin PBXResourcesBuildPhase section */
		F30AE79E2575CD2000DAE012 /* Resources */ = {
			isa = PBXResourcesBuildPhase;
			buildActionMask = 2147483647;
			files = (
				F30AE7AB2575CD2200DAE012 /* Preview Assets.xcassets in Resources */,
				F30AE7A82575CD2200DAE012 /* Assets.xcassets in Resources */,
			);
			runOnlyForDeploymentPostprocessing = 0;
		};
/* End PBXResourcesBuildPhase section */

/* Begin PBXSourcesBuildPhase section */
		F30AE79C2575CD2000DAE012 /* Sources */ = {
			isa = PBXSourcesBuildPhase;
			buildActionMask = 2147483647;
			files = (
				F30AE7C22575D39300DAE012 /* OrdersButtonUntoggled.swift in Sources */,
				F30AE7C52575D39C00DAE012 /* OrdersButtonToggled.swift in Sources */,
				F30AE7CD2575DFE100DAE012 /* SettingsButtonUntoggled.swift in Sources */,
				F30AE7A62575CD2000DAE012 /* ContentView.swift in Sources */,
				F30AE7B82575CFE700DAE012 /* HomeButtonToggled.swift in Sources */,
				F30AE7C82575D3A100DAE012 /* OrderButton.swift in Sources */,
				F30AE7B42575CD4800DAE012 /* HomeButtonUntoggled.swift in Sources */,
				F30AE7D12575DFF800DAE012 /* SettingsButtonToggled.swift in Sources */,
				F30AE7BB2575D14D00DAE012 /* HomeButton.swift in Sources */,
				F30AE7D52575E00800DAE012 /* SettingsButton.swift in Sources */,
				F30AE7A42575CD2000DAE012 /* WireframeNavBarApp.swift in Sources */,
			);
			runOnlyForDeploymentPostprocessing = 0;
		};
/* End PBXSourcesBuildPhase section */

/* Begin XCBuildConfiguration section */
		F30AE7AD2575CD2200DAE012 /* Debug */ = {
			isa = XCBuildConfiguration;
			buildSettings = {
				ALWAYS_SEARCH_USER_PATHS = NO;
				CLANG_ANALYZER_NONNULL = YES;
				CLANG_ANALYZER_NUMBER_OBJECT_CONVERSION = YES_AGGRESSIVE;
				CLANG_CXX_LANGUAGE_STANDARD = "gnu++14";
				CLANG_CXX_LIBRARY = "libc++";
				CLANG_ENABLE_MODULES = YES;
				CLANG_ENABLE_OBJC_ARC = YES;
				CLANG_ENABLE_OBJC_WEAK = YES;
				CLANG_WARN_BLOCK_CAPTURE_AUTORELEASING = YES;
				CLANG_WARN_BOOL_CONVERSION = YES;
				CLANG_WARN_COMMA = YES;
				CLANG_WARN_CONSTANT_CONVERSION = YES;
				CLANG_WARN_DEPRECATED_OBJC_IMPLEMENTATIONS = YES;
				CLANG_WARN_DIRECT_OBJC_ISA_USAGE = YES_ERROR;
				CLANG_WARN_DOCUMENTATION_COMMENTS = YES;
				CLANG_WARN_EMPTY_BODY = YES;
				CLANG_WARN_ENUM_CONVERSION = YES;
				CLANG_WARN_INFINITE_RECURSION = YES;
				CLANG_WARN_INT_CONVERSION = YES;
				CLANG_WARN_NON_LITERAL_NULL_CONVERSION = YES;
				CLANG_WARN_OBJC_IMPLICIT_RETAIN_SELF = YES;
				CLANG_WARN_OBJC_LITERAL_CONVERSION = YES;
				CLANG_WARN_OBJC_ROOT_CLASS = YES_ERROR;
				CLANG_WARN_QUOTED_INCLUDE_IN_FRAMEWORK_HEADER = YES;
				CLANG_WARN_RANGE_LOOP_ANALYSIS = YES;
				CLANG_WARN_STRICT_PROTOTYPES = YES;
				CLANG_WARN_SUSPICIOUS_MOVE = YES;
				CLANG_WARN_UNGUARDED_AVAILABILITY = YES_AGGRESSIVE;
				CLANG_WARN_UNREACHABLE_CODE = YES;
				CLANG_WARN__DUPLICATE_METHOD_MATCH = YES;
				COPY_PHASE_STRIP = NO;
				DEBUG_INFORMATION_FORMAT = dwarf;
				ENABLE_STRICT_OBJC_MSGSEND = YES;
				ENABLE_TESTABILITY = YES;
				GCC_C_LANGUAGE_STANDARD = gnu11;
				GCC_DYNAMIC_NO_PIC = NO;
				GCC_NO_COMMON_BLOCKS = YES;
				GCC_OPTIMIZATION_LEVEL = 0;
				GCC_PREPROCESSOR_DEFINITIONS = (
					"DEBUG=1",
					"$(inherited)",
				);
				GCC_WARN_64_TO_32_BIT_CONVERSION = YES;
				GCC_WARN_ABOUT_RETURN_TYPE = YES_ERROR;
				GCC_WARN_UNDECLARED_SELECTOR = YES;
				GCC_WARN_UNINITIALIZED_AUTOS = YES_AGGRESSIVE;
				GCC_WARN_UNUSED_FUNCTION = YES;
				GCC_WARN_UNUSED_VARIABLE = YES;
				IPHONEOS_DEPLOYMENT_TARGET = 14.2;
				MTL_ENABLE_DEBUG_INFO = INCLUDE_SOURCE;
				MTL_FAST_MATH = YES;
				ONLY_ACTIVE_ARCH = YES;
				SDKROOT = iphoneos;
				SWIFT_ACTIVE_COMPILATION_CONDITIONS = DEBUG;
				SWIFT_OPTIMIZATION_LEVEL = "-Onone";
			};
			name = Debug;
		};
		F30AE7AE2575CD2200DAE012 /* Release */ = {
			isa = XCBuildConfiguration;
			buildSettings = {
				ALWAYS_SEARCH_USER_PATHS = NO;
				CLANG_ANALYZER_NONNULL = YES;
				CLANG_ANALYZER_NUMBER_OBJECT_CONVERSION = YES_AGGRESSIVE;
				CLANG_CXX_LANGUAGE_STANDARD = "gnu++14";
				CLANG_CXX_LIBRARY = "libc++";
				CLANG_ENABLE_MODULES = YES;
				CLANG_ENABLE_OBJC_ARC = YES;
				CLANG_ENABLE_OBJC_WEAK = YES;
				CLANG_WARN_BLOCK_CAPTURE_AUTORELEASING = YES;
				CLANG_WARN_BOOL_CONVERSION = YES;
				CLANG_WARN_COMMA = YES;
				CLANG_WARN_CONSTANT_CONVERSION = YES;
				CLANG_WARN_DEPRECATED_OBJC_IMPLEMENTATIONS = YES;
				CLANG_WARN_DIRECT_OBJC_ISA_USAGE = YES_ERROR;
				CLANG_WARN_DOCUMENTATION_COMMENTS = YES;
				CLANG_WARN_EMPTY_BODY = YES;
				CLANG_WARN_ENUM_CONVERSION = YES;
				CLANG_WARN_INFINITE_RECURSION = YES;
				CLANG_WARN_INT_CONVERSION = YES;
				CLANG_WARN_NON_LITERAL_NULL_CONVERSION = YES;
				CLANG_WARN_OBJC_IMPLICIT_RETAIN_SELF = YES;
				CLANG_WARN_OBJC_LITERAL_CONVERSION = YES;
				CLANG_WARN_OBJC_ROOT_CLASS = YES_ERROR;
				CLANG_WARN_QUOTED_INCLUDE_IN_FRAMEWORK_HEADER = YES;
				CLANG_WARN_RANGE_LOOP_ANALYSIS = YES;
				CLANG_WARN_STRICT_PROTOTYPES = YES;
				CLANG_WARN_SUSPICIOUS_MOVE = YES;
				CLANG_WARN_UNGUARDED_AVAILABILITY = YES_AGGRESSIVE;
				CLANG_WARN_UNREACHABLE_CODE = YES;
				CLANG_WARN__DUPLICATE_METHOD_MATCH = YES;
				COPY_PHASE_STRIP = NO;
				DEBUG_INFORMATION_FORMAT = "dwarf-with-dsym";
				ENABLE_NS_ASSERTIONS = NO;
				ENABLE_STRICT_OBJC_MSGSEND = YES;
				GCC_C_LANGUAGE_STANDARD = gnu11;
				GCC_NO_COMMON_BLOCKS = YES;
				GCC_WARN_64_TO_32_BIT_CONVERSION = YES;
				GCC_WARN_ABOUT_RETURN_TYPE = YES_ERROR;
				GCC_WARN_UNDECLARED_SELECTOR = YES;
				GCC_WARN_UNINITIALIZED_AUTOS = YES_AGGRESSIVE;
				GCC_WARN_UNUSED_FUNCTION = YES;
				GCC_WARN_UNUSED_VARIABLE = YES;
				IPHONEOS_DEPLOYMENT_TARGET = 14.2;
				MTL_ENABLE_DEBUG_INFO = NO;
				MTL_FAST_MATH = YES;
				SDKROOT = iphoneos;
				SWIFT_COMPILATION_MODE = wholemodule;
				SWIFT_OPTIMIZATION_LEVEL = "-O";
				VALIDATE_PRODUCT = YES;
			};
			name = Release;
		};
		F30AE7B02575CD2200DAE012 /* Debug */ = {
			isa = XCBuildConfiguration;
			buildSettings = {
				ASSETCATALOG_COMPILER_APPICON_NAME = AppIcon;
				ASSETCATALOG_COMPILER_GLOBAL_ACCENT_COLOR_NAME = AccentColor;
				CODE_SIGN_STYLE = Automatic;
				DEVELOPMENT_ASSET_PATHS = "\"WireframeNavBar/Preview Content\"";
				ENABLE_PREVIEWS = YES;
				INFOPLIST_FILE = WireframeNavBar/Info.plist;
				IPHONEOS_DEPLOYMENT_TARGET = 14.0;
				LD_RUNPATH_SEARCH_PATHS = (
					"$(inherited)",
					"@executable_path/Frameworks",
				);
				PRODUCT_BUNDLE_IDENTIFIER = com.Jminding.WireframeNavBar;
				PRODUCT_NAME = "$(TARGET_NAME)";
				SWIFT_VERSION = 5.0;
				TARGETED_DEVICE_FAMILY = "1,2";
			};
			name = Debug;
		};
		F30AE7B12575CD2200DAE012 /* Release */ = {
			isa = XCBuildConfiguration;
			buildSettings = {
				ASSETCATALOG_COMPILER_APPICON_NAME = AppIcon;
				ASSETCATALOG_COMPILER_GLOBAL_ACCENT_COLOR_NAME = AccentColor;
				CODE_SIGN_STYLE = Automatic;
				DEVELOPMENT_ASSET_PATHS = "\"WireframeNavBar/Preview Content\"";
				ENABLE_PREVIEWS = YES;
				INFOPLIST_FILE = WireframeNavBar/Info.plist;
				IPHONEOS_DEPLOYMENT_TARGET = 14.0;
				LD_RUNPATH_SEARCH_PATHS = (
					"$(inherited)",
					"@executable_path/Frameworks",
				);
				PRODUCT_BUNDLE_IDENTIFIER = com.Jminding.WireframeNavBar;
				PRODUCT_NAME = "$(TARGET_NAME)";
				SWIFT_VERSION = 5.0;
				TARGETED_DEVICE_FAMILY = "1,2";
			};
			name = Release;
		};
/* End XCBuildConfiguration section */

/* Begin XCConfigurationList section */
		F30AE79B2575CD2000DAE012 /* Build configuration list for PBXProject "WireframeNavBar" */ = {
			isa = XCConfigurationList;
			buildConfigurations = (
				F30AE7AD2575CD2200DAE012 /* Debug */,
				F30AE7AE2575CD2200DAE012 /* Release */,
			);
			defaultConfigurationIsVisible = 0;
			defaultConfigurationName = Release;
		};
		F30AE7AF2575CD2200DAE012 /* Build configuration list for PBXNativeTarget "WireframeNavBar" */ = {
			isa = XCConfigurationList;
			buildConfigurations = (
				F30AE7B02575CD2200DAE012 /* Debug */,
				F30AE7B12575CD2200DAE012 /* Release */,
			);
			defaultConfigurationIsVisible = 0;
			defaultConfigurationName = Release;
		};
/* End XCConfigurationList section */
	};
	rootObject = F30AE7982575CD2000DAE012 /* Project object */;
}
